// !$*UTF8*$!
{
	archiveVersion = 1;
	classes = {
	};
	objectVersion = 77;
	objects = {

/* Begin PBXBuildFile section */
		034984A8B83894F6B435CBA1 /* HiddenFilesTests.swift in Sources */ = {isa = PBXBuildFile; fileRef = DC0E3023FC4DCBEC7CD10333 /* HiddenFilesTests.swift */; };
		04EE7BB7F97B50A3F09BE417 /* CrossDriveDuplicateTests.swift in Sources */ = {isa = PBXBuildFile; fileRef = D4DAF550E4C8CE67CFE830AD /* CrossDriveDuplicateTests.swift */; };
		04FD7DD0404A7ED926DCD970 /* ChangeTests.swift in Sources */ = {isa = PBXBuildFile; fileRef = 2DF8B6014428D118FD2C366E /* ChangeTests.swift */; };
		0574CA08E81E2428FF8892AC /* ScannerTests.swift in Sources */ = {isa = PBXBuildFile; fileRef = 5062F5EE1D34820031723CE7 /* ScannerTests.swift */; };
		087128B95EFB93784C4FCD5E /* ScanProgressView.swift in Sources */ = {isa = PBXBuildFile; fileRef = 4758EFE5A2559FC7E68D053C /* ScanProgressView.swift */; };
		096A6E03CB7478C7202DE409 /* SearchTests.swift in Sources */ = {isa = PBXBuildFile; fileRef = AE29FBDED974E93FA9BFC427 /* SearchTests.swift */; };
		0C776729B8CC44319F10FF53 /* BrowserNav.swift in Sources */ = {isa = PBXBuildFile; fileRef = 97084FB885F63B7AB7363CAB /* BrowserNav.swift */; };
		10C1AC576EACE8AE9E799385 /* Colors.swift in Sources */ = {isa = PBXBuildFile; fileRef = A9E8F92833EFD609815E1633 /* Colors.swift */; };
		119F3A7CA0084C00109D5EE1 /* AccentPalette.swift in Sources */ = {isa = PBXBuildFile; fileRef = 481741FBB56E535B49151FE4 /* AccentPalette.swift */; };
		15EB8449EE1B76121F169032 /* FileTrasher.swift in Sources */ = {isa = PBXBuildFile; fileRef = 41F0F99044760166F240908A /* FileTrasher.swift */; };
		163787F6E82DDAE41147E42E /* HashVerifier.swift in Sources */ = {isa = PBXBuildFile; fileRef = 7BAFAE81B2BF46DB4F0846BB /* HashVerifier.swift */; };
		181E3433E8EF0D7AFA7419B4 /* ThemeModel.swift in Sources */ = {isa = PBXBuildFile; fileRef = 1B60F525D3DE6BD4E0A73D7F /* ThemeModel.swift */; };
		189DEFA7EE56C537E421F1A0 /* Feature.swift in Sources */ = {isa = PBXBuildFile; fileRef = 82CEA25A8A02DB36E150E78C /* Feature.swift */; };
		1BBC250BE23923DBA37ABCB0 /* BackupTests.swift in Sources */ = {isa = PBXBuildFile; fileRef = B82987EC891FA8B2F0A51F0F /* BackupTests.swift */; };
		1C9272BC8B0BC1C338147B3E /* LicenseStore.swift in Sources */ = {isa = PBXBuildFile; fileRef = 5473AB3A7C7A7143F2118E2E /* LicenseStore.swift */; };
		1DBA5EE04B1863B824646DD5 /* FileCopier.swift in Sources */ = {isa = PBXBuildFile; fileRef = BF9D07CA34FE8810CF5FF634 /* FileCopier.swift */; };
		26E03B7CB351BBB67A92F649 /* DiskGalleryApp.swift in Sources */ = {isa = PBXBuildFile; fileRef = 149B608FC593D130B299F9C8 /* DiskGalleryApp.swift */; };
		2C0B049C5CB6873A381D4EBB /* SplashView.swift in Sources */ = {isa = PBXBuildFile; fileRef = F99FC8A7DC3A97C0CC85640D /* SplashView.swift */; };
		2D0E118FD878620BF21C52E1 /* SearchService.swift in Sources */ = {isa = PBXBuildFile; fileRef = 984A25DFFA7E4AEA9EB82384 /* SearchService.swift */; };
		2D53B82F6AF627B3BD8940CE /* DriveHardwareProbe.swift in Sources */ = {isa = PBXBuildFile; fileRef = BC0F324047574353BA4FF76D /* DriveHardwareProbe.swift */; };
		2D9AFF40BB8E1E582355F5EE /* UnifiedMergeTests.swift in Sources */ = {isa = PBXBuildFile; fileRef = 3FAE81ABC6EF977563DD7EA8 /* UnifiedMergeTests.swift */; };
		32F55E13BEB72EA7D463AADC /* MutationGuardTests.swift in Sources */ = {isa = PBXBuildFile; fileRef = 411D66DC8AAED302B83CB44B /* MutationGuardTests.swift */; };
		364B7E897428023FDA629896 /* ScanExclusion.swift in Sources */ = {isa = PBXBuildFile; fileRef = E5DCF26C7870D0473AE95C75 /* ScanExclusion.swift */; };
		364EC7F2121DE680B84DA20A /* EntryDetailView.swift in Sources */ = {isa = PBXBuildFile; fileRef = 2C7B796F9140FFB75649FBEA /* EntryDetailView.swift */; };
		37D1FE9BF51F5C339990ED74 /* DriveRolesUI.swift in Sources */ = {isa = PBXBuildFile; fileRef = E53EFC6DA62C46A213C123D0 /* DriveRolesUI.swift */; };
		3F89243663D3FAF7DEFED70A /* VolumeService.swift in Sources */ = {isa = PBXBuildFile; fileRef = 93B2DFD8332DA70FF37376FB /* VolumeService.swift */; };
		412F1FED7D5647E1F85054CF /* Models.swift in Sources */ = {isa = PBXBuildFile; fileRef = 6CEE1A004B973AABD3E7B995 /* Models.swift */; };
		4272814F660D27B90F7ED93C /* AppInfo.swift in Sources */ = {isa = PBXBuildFile; fileRef = E1FF94BF0A803EA9F9F85826 /* AppInfo.swift */; };
		43D9CAB4E3241728E5BD42BF /* ScanCacheView.swift in Sources */ = {isa = PBXBuildFile; fileRef = BF065A612665A90D5CF0162F /* ScanCacheView.swift */; };
		46D8791930370364587B6949 /* FinderTagWriter.swift in Sources */ = {isa = PBXBuildFile; fileRef = 1DEBF25065F6D177BAAD8EBF /* FinderTagWriter.swift */; };
		48B9C217FDBC1191B3794535 /* Assets.xcassets in Resources */ = {isa = PBXBuildFile; fileRef = BC3C0065500C24587932BC0A /* Assets.xcassets */; };
		4C39E65D70728750BBC0BC0D /* OrganizationPlanner.swift in Sources */ = {isa = PBXBuildFile; fileRef = 350D0E1C93E48609F8D0B030 /* OrganizationPlanner.swift */; };
		4D83F6681AF1146012A3512C /* UnifiedComparePanel.swift in Sources */ = {isa = PBXBuildFile; fileRef = 4CE3D6482D7BB8F0454D6109 /* UnifiedComparePanel.swift */; };
		526BC038E5FBA275C315A6DA /* SystemAppearance.swift in Sources */ = {isa = PBXBuildFile; fileRef = 7D93D14E859992536494962C /* SystemAppearance.swift */; };
		535DB6EB2DA3353CCF07648F /* DriveHardwareDisplay.swift in Sources */ = {isa = PBXBuildFile; fileRef = 93C152BBBD265C9056CDBD00 /* DriveHardwareDisplay.swift */; };
		54F7E036F94C146237106B8D /* FinderTagTests.swift in Sources */ = {isa = PBXBuildFile; fileRef = 4105C0CC1F9C0469C2052248 /* FinderTagTests.swift */; };
		5538B61725F67104A80877F5 /* DiskGalleryCore.framework in Embed Frameworks */ = {isa = PBXBuildFile; fileRef = B931D88A05CB350D5325E027 /* DiskGalleryCore.framework */; settings = {ATTRIBUTES = (CodeSignOnCopy, RemoveHeadersOnCopy, ); }; };
		5571B1DB44FDD3A6AA8BDC0F /* Scanner.swift in Sources */ = {isa = PBXBuildFile; fileRef = C0886F22F3BD10A946192FCA /* Scanner.swift */; };
		56B5471C38D9B929AC499075 /* ExecutionTests.swift in Sources */ = {isa = PBXBuildFile; fileRef = 58B79C594B327607E179EF05 /* ExecutionTests.swift */; };
		5767A44CEC56229399FB8C08 /* DuplicateTests.swift in Sources */ = {isa = PBXBuildFile; fileRef = F7564DDC8279F5702EE38072 /* DuplicateTests.swift */; };
		593A032647E01F0B4D8E25D5 /* FeatureTests.swift in Sources */ = {isa = PBXBuildFile; fileRef = 5320939B847686300165F08C /* FeatureTests.swift */; };
		5AA0B13893DCA8DC49879706 /* ChangeService.swift in Sources */ = {isa = PBXBuildFile; fileRef = 2303765E6DD32995AC1EC81B /* ChangeService.swift */; };
		5E5155418A444E809457726B /* KeepRuleTests.swift in Sources */ = {isa = PBXBuildFile; fileRef = E4927DF6E42CF4C7CC971510 /* KeepRuleTests.swift */; };
		60595B0C3850E9835F789891 /* DuplicateEngine.swift in Sources */ = {isa = PBXBuildFile; fileRef = 052F1C86EE5C7C4897CBB317 /* DuplicateEngine.swift */; };
		6205D1CDDC40C2DF2A953BE7 /* VolumeMetadata.swift in Sources */ = {isa = PBXBuildFile; fileRef = E0860DD76D728A4E486E6CD1 /* VolumeMetadata.swift */; };
		622D7AFD130991BA9BC8B80C /* LibraryService.swift in Sources */ = {isa = PBXBuildFile; fileRef = B474506196335AB972ACF0B4 /* LibraryService.swift */; };
		656C5629B8D927DFB5320AF1 /* ActionPlanView.swift in Sources */ = {isa = PBXBuildFile; fileRef = E8C72B112CB1A19D091849CB /* ActionPlanView.swift */; };
		66E9ADC5BE56A17636BDE2AD /* ExecutorService.swift in Sources */ = {isa = PBXBuildFile; fileRef = 94039570E648916C922F9B01 /* ExecutorService.swift */; };
		675EA47A2AEBA04940BC35A8 /* AnnotationStore.swift in Sources */ = {isa = PBXBuildFile; fileRef = 8541EFC2B903B51A3A69F365 /* AnnotationStore.swift */; };
		67D7BD89B2D84FBB57607818 /* RevealTargetTests.swift in Sources */ = {isa = PBXBuildFile; fileRef = 614B4CF5335499004E59FB34 /* RevealTargetTests.swift */; };
		68149FC1166CF7FB170BDC9C /* ThumbnailTests.swift in Sources */ = {isa = PBXBuildFile; fileRef = A45031601CDC5B8375646C67 /* ThumbnailTests.swift */; };
		6B5290098201AEBC93793B1D /* BrandMark.swift in Sources */ = {isa = PBXBuildFile; fileRef = 30214F42D630FDFEBE410EB4 /* BrandMark.swift */; };
		739E488DA632B6F0175589E1 /* ScanProgress.swift in Sources */ = {isa = PBXBuildFile; fileRef = 395CB1FD1B89F2B19088F80B /* ScanProgress.swift */; };
		78F985AE016928608959CE27 /* AnnotationTests.swift in Sources */ = {isa = PBXBuildFile; fileRef = 77EFB0CEC11A298EB4F9FFCC /* AnnotationTests.swift */; };
		791ECA6A41E764190290A12C /* FileCategoryTests.swift in Sources */ = {isa = PBXBuildFile; fileRef = 63D12FD145E27077BFBDB7CF /* FileCategoryTests.swift */; };
		7B1F5D43CB32C43142BAFBE6 /* VolumeFilterTests.swift in Sources */ = {isa = PBXBuildFile; fileRef = 3737FA4398BB56E6850F2A40 /* VolumeFilterTests.swift */; };
		7CBF4932474E2A7C0EED87D2 /* GalleryService.swift in Sources */ = {isa = PBXBuildFile; fileRef = 77B20AFA6B3E8B5D6D383F71 /* GalleryService.swift */; };
		7E9167B07785325E285B2060 /* OrganizationPlannerTests.swift in Sources */ = {isa = PBXBuildFile; fileRef = A83DB251EBC4569F837483F0 /* OrganizationPlannerTests.swift */; };
		7F9684CC87181356712AA720 /* PlanningTests.swift in Sources */ = {isa = PBXBuildFile; fileRef = 3C8DCECD169ABFB6FA93CFA2 /* PlanningTests.swift */; };
		8165D633F7C1316406A49D27 /* PathVisibility.swift in Sources */ = {isa = PBXBuildFile; fileRef = 37759AE691004539E555EF69 /* PathVisibility.swift */; };
		8232FE4C5D1ECE53E8D19C6C /* Capacity.swift in Sources */ = {isa = PBXBuildFile; fileRef = 0ABD4966F2629801B58174E0 /* Capacity.swift */; };
		835BDBC39549142FEA668CEA /* DriveRolesService.swift in Sources */ = {isa = PBXBuildFile; fileRef = 7CF6F412FA376367DA18CA9E /* DriveRolesService.swift */; };
		83A13362369ACD6FE56C51CF /* PlanningService.swift in Sources */ = {isa = PBXBuildFile; fileRef = CF52A4E49B04053DEEC78B56 /* PlanningService.swift */; };
		861F453436951062EC0BAC0C /* DriveRolesServiceTests.swift in Sources */ = {isa = PBXBuildFile; fileRef = 05346B55515038236E4B4183 /* DriveRolesServiceTests.swift */; };
		8799A8D14B659FF3E7DAEF39 /* ScanExclusionTests.swift in Sources */ = {isa = PBXBuildFile; fileRef = E36B7B9EED5EFD95D5571A80 /* ScanExclusionTests.swift */; };
		8D42FF94DD3DB0E8C7B7F256 /* Formatters.swift in Sources */ = {isa = PBXBuildFile; fileRef = A55AD4B91FA397B9471B601E /* Formatters.swift */; };
		8E21B24409BF7A7A1D5FE6E2 /* TransferPlannerView.swift in Sources */ = {isa = PBXBuildFile; fileRef = F46FB69746E1A1F87B2D46BA /* TransferPlannerView.swift */; };
		8E2F47EDF2184A0D97425283 /* VolumeBrowserView.swift in Sources */ = {isa = PBXBuildFile; fileRef = 9FC4B9FE3D85994F49AE8AC8 /* VolumeBrowserView.swift */; };
		8EE496A6509DBA0A133C547A /* DiskGalleryCore.framework in Frameworks */ = {isa = PBXBuildFile; fileRef = B931D88A05CB350D5325E027 /* DiskGalleryCore.framework */; };
		907624D036768D1FF01C7D85 /* LicenseTests.swift in Sources */ = {isa = PBXBuildFile; fileRef = A29447DD438A0EDA49CD6D07 /* LicenseTests.swift */; };
		91F7B57248C5A2E1E756FD12 /* DriveRole.swift in Sources */ = {isa = PBXBuildFile; fileRef = 94C4F8F623F40582C783D808 /* DriveRole.swift */; };
		946DB94A095C8E5D2A6BCF46 /* ThemeModelTests.swift in Sources */ = {isa = PBXBuildFile; fileRef = A970B4165B27B059F6CE72E4 /* ThemeModelTests.swift */; };
		94C3F339C20236CC228474B6 /* Thumbnail.swift in Sources */ = {isa = PBXBuildFile; fileRef = 6841323EDCA014BA601FB704 /* Thumbnail.swift */; };
		95871C43166ACC0954915B1D /* ThemeStore.swift in Sources */ = {isa = PBXBuildFile; fileRef = ECBA2AE40DDF4B70537C8F4F /* ThemeStore.swift */; };
		971ADAEA668B494600CDEC34 /* Sparkle in Frameworks */ = {isa = PBXBuildFile; productRef = 436BAC234ACE2038B13AD3DC /* Sparkle */; };
		9B55650018A0FDFABB64DCFB /* BackupService.swift in Sources */ = {isa = PBXBuildFile; fileRef = 970327FB4C59803D34408AB0 /* BackupService.swift */; };
		9BDCC4825CCA0392F74A7774 /* DiskGalleryCore.framework in Frameworks */ = {isa = PBXBuildFile; fileRef = B931D88A05CB350D5325E027 /* DiskGalleryCore.framework */; };
		9C5E0BBD9E34E1611BED70ED /* LibrarySidebarView.swift in Sources */ = {isa = PBXBuildFile; fileRef = 5844EC9B6BCF8A8733084C2E /* LibrarySidebarView.swift */; };
		9FAA111FB1D47D4A250CFF75 /* Catalog.swift in Sources */ = {isa = PBXBuildFile; fileRef = 1AFFB1E76AE447035048FF76 /* Catalog.swift */; };
		A0A2F31AD20D55D4DB22DD6D /* GalleryView.swift in Sources */ = {isa = PBXBuildFile; fileRef = 1B984BBEB0792642053779B9 /* GalleryView.swift */; };
		A34C2F45543942327DF1A4CE /* MainToolbar.swift in Sources */ = {isa = PBXBuildFile; fileRef = C44ECF808527E68F4CA67786 /* MainToolbar.swift */; };
		A6F8081BD8E0E7CE48D5F3ED /* TaggedListView.swift in Sources */ = {isa = PBXBuildFile; fileRef = 86D3048FEAC718F9F9AF6C11 /* TaggedListView.swift */; };
		A7D03DFF5B452E8DAB8EDF76 /* FileOperation.swift in Sources */ = {isa = PBXBuildFile; fileRef = FE0290245E00880A68D2336F /* FileOperation.swift */; };
		AA10EE288CFA713CB0E5688F /* GalleryTests.swift in Sources */ = {isa = PBXBuildFile; fileRef = 62881B657D719F595100AE56 /* GalleryTests.swift */; };
		AC9701D75226543C584AA598 /* GRDB in Frameworks */ = {isa = PBXBuildFile; productRef = EDAD081A4FE6D77943D6D89D /* GRDB */; };
		AF4B6A53D3887455342582AF /* Migrations.swift in Sources */ = {isa = PBXBuildFile; fileRef = 419C2FE432E8213D40143239 /* Migrations.swift */; };
		AF654013EAEE5BC737A5585F /* ChangesView.swift in Sources */ = {isa = PBXBuildFile; fileRef = 7CAB8199993101F11F86332D /* ChangesView.swift */; };
		AF97B71B2859EE9672615B19 /* ThumbnailService.swift in Sources */ = {isa = PBXBuildFile; fileRef = B80E004DD7BC792F254239BA /* ThumbnailService.swift */; };
		B26BDDFC9870C5EAB71E0587 /* SearchResultsView.swift in Sources */ = {isa = PBXBuildFile; fileRef = 146D1C1E98B588853D9D5BB8 /* SearchResultsView.swift */; };
		B4DBC5A1263F638B10DDD6C6 /* AppDatabase.swift in Sources */ = {isa = PBXBuildFile; fileRef = 79E7150F9FAC9E3145394AE1 /* AppDatabase.swift */; };
		B93FF80C8F6B70C808A42529 /* UpgradeSheet.swift in Sources */ = {isa = PBXBuildFile; fileRef = BC621BD96C2E755F0715EB35 /* UpgradeSheet.swift */; };
		BC89B034D857756B1E5259C2 /* ViewPrefsStore.swift in Sources */ = {isa = PBXBuildFile; fileRef = C913A9C2F1DEA3A2577ADB71 /* ViewPrefsStore.swift */; };
		BE22D041B9CC618F208F09BF /* DriveRoleLabelsStore.swift in Sources */ = {isa = PBXBuildFile; fileRef = 12DEFB14204B9A103F85064D /* DriveRoleLabelsStore.swift */; };
		BF54B03A4E72C8AC63331AB3 /* OrganizeView.swift in Sources */ = {isa = PBXBuildFile; fileRef = 2C6A636B23F4AF7231425323 /* OrganizeView.swift */; };
		C008A1A21F408B78714FCF84 /* AboutView.swift in Sources */ = {isa = PBXBuildFile; fileRef = 6069A75F596EED173763F9A6 /* AboutView.swift */; };
		C5A6E538914E1290442AEC7A /* ShortcutStore.swift in Sources */ = {isa = PBXBuildFile; fileRef = 3CA545E66F28EFEE10CF5566 /* ShortcutStore.swift */; };
		C723B2681D13ADAD6B82B080 /* SettingsView.swift in Sources */ = {isa = PBXBuildFile; fileRef = E79766C18BB7460C63E09866 /* SettingsView.swift */; };
		C7A6E53217D0526EBAE323DE /* FileCategory.swift in Sources */ = {isa = PBXBuildFile; fileRef = 05E28A1908D4D546A9F3285B /* FileCategory.swift */; };
		C8C2BAD9C2BDE90D71E027AC /* ProBadge.swift in Sources */ = {isa = PBXBuildFile; fileRef = F8822CADD3F623321528676A /* ProBadge.swift */; };
		CA3D0AC01A3289939D14B419 /* RevealTarget.swift in Sources */ = {isa = PBXBuildFile; fileRef = 9EA6F719324857802A79854A /* RevealTarget.swift */; };
		CD7A451141240D8F3E76B330 /* VolumeFilter.swift in Sources */ = {isa = PBXBuildFile; fileRef = D9BFF7A87C30AE1041B12C4E /* VolumeFilter.swift */; };
		D15774DD85C64615AD6C6942 /* LicenseVerifier.swift in Sources */ = {isa = PBXBuildFile; fileRef = 5902170A290056A387972A7C /* LicenseVerifier.swift */; };
		D1EDEFB64606629727F60C28 /* AppEnvironment.swift in Sources */ = {isa = PBXBuildFile; fileRef = 32BBDA2EB412284EC0D8DC4B /* AppEnvironment.swift */; };
		D29FED79BEA7ACDAFC5F808C /* UnifiedBrowserServiceTests.swift in Sources */ = {isa = PBXBuildFile; fileRef = 1DEA844745D0DBFB7E8CAAFC /* UnifiedBrowserServiceTests.swift */; };
		D30172335837E01888E0BADB /* ExecutionConfirmView.swift in Sources */ = {isa = PBXBuildFile; fileRef = 4296D75D18CD7E48D8D775B7 /* ExecutionConfirmView.swift */; };
		D717C2F20D3C102722251C7F /* CapacityTests.swift in Sources */ = {isa = PBXBuildFile; fileRef = 73DE55DAEC232BB0BE14679A /* CapacityTests.swift */; };
		D85E8BB72E7E52D14364E9EE /* DriveDragItems.swift in Sources */ = {isa = PBXBuildFile; fileRef = 712CE98E1694A1CF820CC275 /* DriveDragItems.swift */; };
		DA577BE0C44375F1E7B5D94F /* UnifiedBrowserService.swift in Sources */ = {isa = PBXBuildFile; fileRef = DDE05C6B85A503E26D748DF5 /* UnifiedBrowserService.swift */; };
		DC8EBD9FB93DA3FBB970C0D3 /* BrowserUITests.swift in Sources */ = {isa = PBXBuildFile; fileRef = DFDC239DC0408625DC178B36 /* BrowserUITests.swift */; };
		DDEFACEAD9C6A875167EFB00 /* PathVisibilityTests.swift in Sources */ = {isa = PBXBuildFile; fileRef = 9FBEDC6412CCA90EC2382A0B /* PathVisibilityTests.swift */; };
		E1D9B61F52226A118CD8DDD2 /* AnnotationListTests.swift in Sources */ = {isa = PBXBuildFile; fileRef = 3325B611887D0F2E1AE3DE0E /* AnnotationListTests.swift */; };
		E2136432120E82AE171C2623 /* Components.swift in Sources */ = {isa = PBXBuildFile; fileRef = DDDE0C869FC4D5E82CC433DA /* Components.swift */; };
		E408BF86EEFEE760081CE4CF /* UnifiedOutline.swift in Sources */ = {isa = PBXBuildFile; fileRef = A8CD39F5B61B263648FB01D9 /* UnifiedOutline.swift */; };
		E57BDBCEEFC78BF423863EB9 /* UnifiedMerge.swift in Sources */ = {isa = PBXBuildFile; fileRef = 2F72822C41A56A52B45A9E98 /* UnifiedMerge.swift */; };
		E5FD991C44554B7098DABEDE /* Support.swift in Sources */ = {isa = PBXBuildFile; fileRef = D8A5C5983831D1A837A4B865 /* Support.swift */; };
		E823F0BAD1DD0D47E048EE92 /* RecentSearchStore.swift in Sources */ = {isa = PBXBuildFile; fileRef = F61385A2B68C7E416365D04F /* RecentSearchStore.swift */; };
		E8EE0066BE67F807EB9026CC /* Updater.swift in Sources */ = {isa = PBXBuildFile; fileRef = ACEF377D8C936CDB08325E7E /* Updater.swift */; };
		EA6747A81E534619A05CA591 /* AllDrivesView.swift in Sources */ = {isa = PBXBuildFile; fileRef = 5F829DE6FBD919E122240C98 /* AllDrivesView.swift */; };
		EC4C7FA3AD65474DAE88882D /* DiskGalleryCore.framework in Embed Frameworks */ = {isa = PBXBuildFile; fileRef = B931D88A05CB350D5325E027 /* DiskGalleryCore.framework */; settings = {ATTRIBUTES = (CodeSignOnCopy, RemoveHeadersOnCopy, ); }; };
		F05F2EF75F006EC08ECC182E /* UnifiedModels.swift in Sources */ = {isa = PBXBuildFile; fileRef = 5441DBAD865C164F06C51077 /* UnifiedModels.swift */; };
		F4798D76A8EBE58BB98FC812 /* DuplicatesView.swift in Sources */ = {isa = PBXBuildFile; fileRef = C8F98835F424ADF8E3ABE16F /* DuplicatesView.swift */; };
		F6C371633BD9F87A479F3BA7 /* GroupingTests.swift in Sources */ = {isa = PBXBuildFile; fileRef = 286934E837CA4025B46E82A5 /* GroupingTests.swift */; };
		FA1BBD41BF53E2137F2680BC /* DriveRoleTests.swift in Sources */ = {isa = PBXBuildFile; fileRef = D4F9F870260EEDCD0B3AC49E /* DriveRoleTests.swift */; };
		FF798E13607B774E1C65EE27 /* KeepRule.swift in Sources */ = {isa = PBXBuildFile; fileRef = CED125E86EB977B732F55F62 /* KeepRule.swift */; };
/* End PBXBuildFile section */

/* Begin PBXContainerItemProxy section */
		2A97E856AA0D66104956EFFE /* PBXContainerItemProxy */ = {
			isa = PBXContainerItemProxy;
			containerPortal = B2AFA75971C27CAB53B74C15 /* Project object */;
			proxyType = 1;
			remoteGlobalIDString = B8F8CC00E0947E484F9C7169;
			remoteInfo = DiskGalleryCore;
		};
		440594F7D36DA097053AD1EC /* PBXContainerItemProxy */ = {
			isa = PBXContainerItemProxy;
			containerPortal = B2AFA75971C27CAB53B74C15 /* Project object */;
			proxyType = 1;
			remoteGlobalIDString = B8F8CC00E0947E484F9C7169;
			remoteInfo = DiskGalleryCore;
		};
		E3699D9507735E131B70CC4B /* PBXContainerItemProxy */ = {
			isa = PBXContainerItemProxy;
			containerPortal = B2AFA75971C27CAB53B74C15 /* Project object */;
			proxyType = 1;
			remoteGlobalIDString = C4D9CCA90D302D7192F74F5F;
			remoteInfo = DiskGallery;
		};
/* End PBXContainerItemProxy section */

/* Begin PBXCopyFilesBuildPhase section */
		ABBB2572F67AE67C7C279070 /* Embed Frameworks */ = {
			isa = PBXCopyFilesBuildPhase;
			buildActionMask = 2147483647;
			dstPath = "";
			dstSubfolderSpec = 10;
			files = (
				5538B61725F67104A80877F5 /* DiskGalleryCore.framework in Embed Frameworks */,
			);
			name = "Embed Frameworks";
			runOnlyForDeploymentPostprocessing = 0;
		};
		C8EB5CDF25AA59B06401A76D /* Embed Frameworks */ = {
			isa = PBXCopyFilesBuildPhase;
			buildActionMask = 2147483647;
			dstPath = "";
			dstSubfolderSpec = 10;
			files = (
				EC4C7FA3AD65474DAE88882D /* DiskGalleryCore.framework in Embed Frameworks */,
			);
			name = "Embed Frameworks";
			runOnlyForDeploymentPostprocessing = 0;
		};
/* End PBXCopyFilesBuildPhase section */

/* Begin PBXFileReference section */
		052F1C86EE5C7C4897CBB317 /* DuplicateEngine.swift */ = {isa = PBXFileReference; lastKnownFileType = sourcecode.swift; path = DuplicateEngine.swift; sourceTree = "<group>"; };
		05346B55515038236E4B4183 /* DriveRolesServiceTests.swift */ = {isa = PBXFileReference; lastKnownFileType = sourcecode.swift; path = DriveRolesServiceTests.swift; sourceTree = "<group>"; };
		05E28A1908D4D546A9F3285B /* FileCategory.swift */ = {isa = PBXFileReference; lastKnownFileType = sourcecode.swift; path = FileCategory.swift; sourceTree = "<group>"; };
		0ABD4966F2629801B58174E0 /* Capacity.swift */ = {isa = PBXFileReference; lastKnownFileType = sourcecode.swift; path = Capacity.swift; sourceTree = "<group>"; };
		12DEFB14204B9A103F85064D /* DriveRoleLabelsStore.swift */ = {isa = PBXFileReference; lastKnownFileType = sourcecode.swift; path = DriveRoleLabelsStore.swift; sourceTree = "<group>"; };
		146D1C1E98B588853D9D5BB8 /* SearchResultsView.swift */ = {isa = PBXFileReference; lastKnownFileType = sourcecode.swift; path = SearchResultsView.swift; sourceTree = "<group>"; };
		149B608FC593D130B299F9C8 /* DiskGalleryApp.swift */ = {isa = PBXFileReference; lastKnownFileType = sourcecode.swift; path = DiskGalleryApp.swift; sourceTree = "<group>"; };
		1AFFB1E76AE447035048FF76 /* Catalog.swift */ = {isa = PBXFileReference; lastKnownFileType = sourcecode.swift; path = Catalog.swift; sourceTree = "<group>"; };
		1B60F525D3DE6BD4E0A73D7F /* ThemeModel.swift */ = {isa = PBXFileReference; lastKnownFileType = sourcecode.swift; path = ThemeModel.swift; sourceTree = "<group>"; };
		1B984BBEB0792642053779B9 /* GalleryView.swift */ = {isa = PBXFileReference; lastKnownFileType = sourcecode.swift; path = GalleryView.swift; sourceTree = "<group>"; };
		1DEA844745D0DBFB7E8CAAFC /* UnifiedBrowserServiceTests.swift */ = {isa = PBXFileReference; lastKnownFileType = sourcecode.swift; path = UnifiedBrowserServiceTests.swift; sourceTree = "<group>"; };
		1DEBF25065F6D177BAAD8EBF /* FinderTagWriter.swift */ = {isa = PBXFileReference; lastKnownFileType = sourcecode.swift; path = FinderTagWriter.swift; sourceTree = "<group>"; };
		2303765E6DD32995AC1EC81B /* ChangeService.swift */ = {isa = PBXFileReference; lastKnownFileType = sourcecode.swift; path = ChangeService.swift; sourceTree = "<group>"; };
		286934E837CA4025B46E82A5 /* GroupingTests.swift */ = {isa = PBXFileReference; lastKnownFileType = sourcecode.swift; path = GroupingTests.swift; sourceTree = "<group>"; };
		2C6A636B23F4AF7231425323 /* OrganizeView.swift */ = {isa = PBXFileReference; lastKnownFileType = sourcecode.swift; path = OrganizeView.swift; sourceTree = "<group>"; };
		2C7B796F9140FFB75649FBEA /* EntryDetailView.swift */ = {isa = PBXFileReference; lastKnownFileType = sourcecode.swift; path = EntryDetailView.swift; sourceTree = "<group>"; };
		2DF8B6014428D118FD2C366E /* ChangeTests.swift */ = {isa = PBXFileReference; lastKnownFileType = sourcecode.swift; path = ChangeTests.swift; sourceTree = "<group>"; };
		2F72822C41A56A52B45A9E98 /* UnifiedMerge.swift */ = {isa = PBXFileReference; lastKnownFileType = sourcecode.swift; path = UnifiedMerge.swift; sourceTree = "<group>"; };
		30214F42D630FDFEBE410EB4 /* BrandMark.swift */ = {isa = PBXFileReference; lastKnownFileType = sourcecode.swift; path = BrandMark.swift; sourceTree = "<group>"; };
		32BBDA2EB412284EC0D8DC4B /* AppEnvironment.swift */ = {isa = PBXFileReference; lastKnownFileType = sourcecode.swift; path = AppEnvironment.swift; sourceTree = "<group>"; };
		3325B611887D0F2E1AE3DE0E /* AnnotationListTests.swift */ = {isa = PBXFileReference; lastKnownFileType = sourcecode.swift; path = AnnotationListTests.swift; sourceTree = "<group>"; };
		350D0E1C93E48609F8D0B030 /* OrganizationPlanner.swift */ = {isa = PBXFileReference; lastKnownFileType = sourcecode.swift; path = OrganizationPlanner.swift; sourceTree = "<group>"; };
		369012288A55FF3177C489B1 /* DiskGalleryUITests.xctest */ = {isa = PBXFileReference; explicitFileType = wrapper.cfbundle; includeInIndex = 0; path = DiskGalleryUITests.xctest; sourceTree = BUILT_PRODUCTS_DIR; };
		3737FA4398BB56E6850F2A40 /* VolumeFilterTests.swift */ = {isa = PBXFileReference; lastKnownFileType = sourcecode.swift; path = VolumeFilterTests.swift; sourceTree = "<group>"; };
		37759AE691004539E555EF69 /* PathVisibility.swift */ = {isa = PBXFileReference; lastKnownFileType = sourcecode.swift; path = PathVisibility.swift; sourceTree = "<group>"; };
		395CB1FD1B89F2B19088F80B /* ScanProgress.swift */ = {isa = PBXFileReference; lastKnownFileType = sourcecode.swift; path = ScanProgress.swift; sourceTree = "<group>"; };
		3C8DCECD169ABFB6FA93CFA2 /* PlanningTests.swift */ = {isa = PBXFileReference; lastKnownFileType = sourcecode.swift; path = PlanningTests.swift; sourceTree = "<group>"; };
		3CA545E66F28EFEE10CF5566 /* ShortcutStore.swift */ = {isa = PBXFileReference; lastKnownFileType = sourcecode.swift; path = ShortcutStore.swift; sourceTree = "<group>"; };
		3FAE81ABC6EF977563DD7EA8 /* UnifiedMergeTests.swift */ = {isa = PBXFileReference; lastKnownFileType = sourcecode.swift; path = UnifiedMergeTests.swift; sourceTree = "<group>"; };
		4105C0CC1F9C0469C2052248 /* FinderTagTests.swift */ = {isa = PBXFileReference; lastKnownFileType = sourcecode.swift; path = FinderTagTests.swift; sourceTree = "<group>"; };
		411D66DC8AAED302B83CB44B /* MutationGuardTests.swift */ = {isa = PBXFileReference; lastKnownFileType = sourcecode.swift; path = MutationGuardTests.swift; sourceTree = "<group>"; };
		413E51629AFD434627D3871C /* DiskGalleryCoreTests.xctest */ = {isa = PBXFileReference; explicitFileType = wrapper.cfbundle; includeInIndex = 0; path = DiskGalleryCoreTests.xctest; sourceTree = BUILT_PRODUCTS_DIR; };
		419C2FE432E8213D40143239 /* Migrations.swift */ = {isa = PBXFileReference; lastKnownFileType = sourcecode.swift; path = Migrations.swift; sourceTree = "<group>"; };
		41F0F99044760166F240908A /* FileTrasher.swift */ = {isa = PBXFileReference; lastKnownFileType = sourcecode.swift; path = FileTrasher.swift; sourceTree = "<group>"; };
		4296D75D18CD7E48D8D775B7 /* ExecutionConfirmView.swift */ = {isa = PBXFileReference; lastKnownFileType = sourcecode.swift; path = ExecutionConfirmView.swift; sourceTree = "<group>"; };
		4758EFE5A2559FC7E68D053C /* ScanProgressView.swift */ = {isa = PBXFileReference; lastKnownFileType = sourcecode.swift; path = ScanProgressView.swift; sourceTree = "<group>"; };
		481741FBB56E535B49151FE4 /* AccentPalette.swift */ = {isa = PBXFileReference; lastKnownFileType = sourcecode.swift; path = AccentPalette.swift; sourceTree = "<group>"; };
		4CE3D6482D7BB8F0454D6109 /* UnifiedComparePanel.swift */ = {isa = PBXFileReference; lastKnownFileType = sourcecode.swift; path = UnifiedComparePanel.swift; sourceTree = "<group>"; };
		5062F5EE1D34820031723CE7 /* ScannerTests.swift */ = {isa = PBXFileReference; lastKnownFileType = sourcecode.swift; path = ScannerTests.swift; sourceTree = "<group>"; };
		5320939B847686300165F08C /* FeatureTests.swift */ = {isa = PBXFileReference; lastKnownFileType = sourcecode.swift; path = FeatureTests.swift; sourceTree = "<group>"; };
		5441DBAD865C164F06C51077 /* UnifiedModels.swift */ = {isa = PBXFileReference; lastKnownFileType = sourcecode.swift; path = UnifiedModels.swift; sourceTree = "<group>"; };
		5473AB3A7C7A7143F2118E2E /* LicenseStore.swift */ = {isa = PBXFileReference; lastKnownFileType = sourcecode.swift; path = LicenseStore.swift; sourceTree = "<group>"; };
		5844EC9B6BCF8A8733084C2E /* LibrarySidebarView.swift */ = {isa = PBXFileReference; lastKnownFileType = sourcecode.swift; path = LibrarySidebarView.swift; sourceTree = "<group>"; };
		58B79C594B327607E179EF05 /* ExecutionTests.swift */ = {isa = PBXFileReference; lastKnownFileType = sourcecode.swift; path = ExecutionTests.swift; sourceTree = "<group>"; };
		5902170A290056A387972A7C /* LicenseVerifier.swift */ = {isa = PBXFileReference; lastKnownFileType = sourcecode.swift; path = LicenseVerifier.swift; sourceTree = "<group>"; };
		5F829DE6FBD919E122240C98 /* AllDrivesView.swift */ = {isa = PBXFileReference; lastKnownFileType = sourcecode.swift; path = AllDrivesView.swift; sourceTree = "<group>"; };
		6069A75F596EED173763F9A6 /* AboutView.swift */ = {isa = PBXFileReference; lastKnownFileType = sourcecode.swift; path = AboutView.swift; sourceTree = "<group>"; };
		614B4CF5335499004E59FB34 /* RevealTargetTests.swift */ = {isa = PBXFileReference; lastKnownFileType = sourcecode.swift; path = RevealTargetTests.swift; sourceTree = "<group>"; };
		62881B657D719F595100AE56 /* GalleryTests.swift */ = {isa = PBXFileReference; lastKnownFileType = sourcecode.swift; path = GalleryTests.swift; sourceTree = "<group>"; };
		63D12FD145E27077BFBDB7CF /* FileCategoryTests.swift */ = {isa = PBXFileReference; lastKnownFileType = sourcecode.swift; path = FileCategoryTests.swift; sourceTree = "<group>"; };
		6841323EDCA014BA601FB704 /* Thumbnail.swift */ = {isa = PBXFileReference; lastKnownFileType = sourcecode.swift; path = Thumbnail.swift; sourceTree = "<group>"; };
		6CEE1A004B973AABD3E7B995 /* Models.swift */ = {isa = PBXFileReference; lastKnownFileType = sourcecode.swift; path = Models.swift; sourceTree = "<group>"; };
		712CE98E1694A1CF820CC275 /* DriveDragItems.swift */ = {isa = PBXFileReference; lastKnownFileType = sourcecode.swift; path = DriveDragItems.swift; sourceTree = "<group>"; };
		73DE55DAEC232BB0BE14679A /* CapacityTests.swift */ = {isa = PBXFileReference; lastKnownFileType = sourcecode.swift; path = CapacityTests.swift; sourceTree = "<group>"; };
		77B20AFA6B3E8B5D6D383F71 /* GalleryService.swift */ = {isa = PBXFileReference; lastKnownFileType = sourcecode.swift; path = GalleryService.swift; sourceTree = "<group>"; };
		77EFB0CEC11A298EB4F9FFCC /* AnnotationTests.swift */ = {isa = PBXFileReference; lastKnownFileType = sourcecode.swift; path = AnnotationTests.swift; sourceTree = "<group>"; };
		79E7150F9FAC9E3145394AE1 /* AppDatabase.swift */ = {isa = PBXFileReference; lastKnownFileType = sourcecode.swift; path = AppDatabase.swift; sourceTree = "<group>"; };
		7BAFAE81B2BF46DB4F0846BB /* HashVerifier.swift */ = {isa = PBXFileReference; lastKnownFileType = sourcecode.swift; path = HashVerifier.swift; sourceTree = "<group>"; };
		7CAB8199993101F11F86332D /* ChangesView.swift */ = {isa = PBXFileReference; lastKnownFileType = sourcecode.swift; path = ChangesView.swift; sourceTree = "<group>"; };
		7CF6F412FA376367DA18CA9E /* DriveRolesService.swift */ = {isa = PBXFileReference; lastKnownFileType = sourcecode.swift; path = DriveRolesService.swift; sourceTree = "<group>"; };
		7D93D14E859992536494962C /* SystemAppearance.swift */ = {isa = PBXFileReference; lastKnownFileType = sourcecode.swift; path = SystemAppearance.swift; sourceTree = "<group>"; };
		82CEA25A8A02DB36E150E78C /* Feature.swift */ = {isa = PBXFileReference; lastKnownFileType = sourcecode.swift; path = Feature.swift; sourceTree = "<group>"; };
		8541EFC2B903B51A3A69F365 /* AnnotationStore.swift */ = {isa = PBXFileReference; lastKnownFileType = sourcecode.swift; path = AnnotationStore.swift; sourceTree = "<group>"; };
		86D3048FEAC718F9F9AF6C11 /* TaggedListView.swift */ = {isa = PBXFileReference; lastKnownFileType = sourcecode.swift; path = TaggedListView.swift; sourceTree = "<group>"; };
		93B2DFD8332DA70FF37376FB /* VolumeService.swift */ = {isa = PBXFileReference; lastKnownFileType = sourcecode.swift; path = VolumeService.swift; sourceTree = "<group>"; };
		93C152BBBD265C9056CDBD00 /* DriveHardwareDisplay.swift */ = {isa = PBXFileReference; lastKnownFileType = sourcecode.swift; path = DriveHardwareDisplay.swift; sourceTree = "<group>"; };
		94039570E648916C922F9B01 /* ExecutorService.swift */ = {isa = PBXFileReference; lastKnownFileType = sourcecode.swift; path = ExecutorService.swift; sourceTree = "<group>"; };
		94C4F8F623F40582C783D808 /* DriveRole.swift */ = {isa = PBXFileReference; lastKnownFileType = sourcecode.swift; path = DriveRole.swift; sourceTree = "<group>"; };
		970327FB4C59803D34408AB0 /* BackupService.swift */ = {isa = PBXFileReference; lastKnownFileType = sourcecode.swift; path = BackupService.swift; sourceTree = "<group>"; };
		97084FB885F63B7AB7363CAB /* BrowserNav.swift */ = {isa = PBXFileReference; lastKnownFileType = sourcecode.swift; path = BrowserNav.swift; sourceTree = "<group>"; };
		984A25DFFA7E4AEA9EB82384 /* SearchService.swift */ = {isa = PBXFileReference; lastKnownFileType = sourcecode.swift; path = SearchService.swift; sourceTree = "<group>"; };
		9EA6F719324857802A79854A /* RevealTarget.swift */ = {isa = PBXFileReference; lastKnownFileType = sourcecode.swift; path = RevealTarget.swift; sourceTree = "<group>"; };
		9FBEDC6412CCA90EC2382A0B /* PathVisibilityTests.swift */ = {isa = PBXFileReference; lastKnownFileType = sourcecode.swift; path = PathVisibilityTests.swift; sourceTree = "<group>"; };
		9FC4B9FE3D85994F49AE8AC8 /* VolumeBrowserView.swift */ = {isa = PBXFileReference; lastKnownFileType = sourcecode.swift; path = VolumeBrowserView.swift; sourceTree = "<group>"; };
		A29447DD438A0EDA49CD6D07 /* LicenseTests.swift */ = {isa = PBXFileReference; lastKnownFileType = sourcecode.swift; path = LicenseTests.swift; sourceTree = "<group>"; };
		A45031601CDC5B8375646C67 /* ThumbnailTests.swift */ = {isa = PBXFileReference; lastKnownFileType = sourcecode.swift; path = ThumbnailTests.swift; sourceTree = "<group>"; };
		A55AD4B91FA397B9471B601E /* Formatters.swift */ = {isa = PBXFileReference; lastKnownFileType = sourcecode.swift; path = Formatters.swift; sourceTree = "<group>"; };
		A83DB251EBC4569F837483F0 /* OrganizationPlannerTests.swift */ = {isa = PBXFileReference; lastKnownFileType = sourcecode.swift; path = OrganizationPlannerTests.swift; sourceTree = "<group>"; };
		A8CD39F5B61B263648FB01D9 /* UnifiedOutline.swift */ = {isa = PBXFileReference; lastKnownFileType = sourcecode.swift; path = UnifiedOutline.swift; sourceTree = "<group>"; };
		A970B4165B27B059F6CE72E4 /* ThemeModelTests.swift */ = {isa = PBXFileReference; lastKnownFileType = sourcecode.swift; path = ThemeModelTests.swift; sourceTree = "<group>"; };
		A9E8F92833EFD609815E1633 /* Colors.swift */ = {isa = PBXFileReference; lastKnownFileType = sourcecode.swift; path = Colors.swift; sourceTree = "<group>"; };
		ACEF377D8C936CDB08325E7E /* Updater.swift */ = {isa = PBXFileReference; lastKnownFileType = sourcecode.swift; path = Updater.swift; sourceTree = "<group>"; };
		AE29FBDED974E93FA9BFC427 /* SearchTests.swift */ = {isa = PBXFileReference; lastKnownFileType = sourcecode.swift; path = SearchTests.swift; sourceTree = "<group>"; };
		B474506196335AB972ACF0B4 /* LibraryService.swift */ = {isa = PBXFileReference; lastKnownFileType = sourcecode.swift; path = LibraryService.swift; sourceTree = "<group>"; };
		B80E004DD7BC792F254239BA /* ThumbnailService.swift */ = {isa = PBXFileReference; lastKnownFileType = sourcecode.swift; path = ThumbnailService.swift; sourceTree = "<group>"; };
		B82987EC891FA8B2F0A51F0F /* BackupTests.swift */ = {isa = PBXFileReference; lastKnownFileType = sourcecode.swift; path = BackupTests.swift; sourceTree = "<group>"; };
		B931D88A05CB350D5325E027 /* DiskGalleryCore.framework */ = {isa = PBXFileReference; explicitFileType = wrapper.framework; includeInIndex = 0; path = DiskGalleryCore.framework; sourceTree = BUILT_PRODUCTS_DIR; };
		BC0F324047574353BA4FF76D /* DriveHardwareProbe.swift */ = {isa = PBXFileReference; lastKnownFileType = sourcecode.swift; path = DriveHardwareProbe.swift; sourceTree = "<group>"; };
		BC3C0065500C24587932BC0A /* Assets.xcassets */ = {isa = PBXFileReference; lastKnownFileType = folder.assetcatalog; path = Assets.xcassets; sourceTree = "<group>"; };
		BC621BD96C2E755F0715EB35 /* UpgradeSheet.swift */ = {isa = PBXFileReference; lastKnownFileType = sourcecode.swift; path = UpgradeSheet.swift; sourceTree = "<group>"; };
		BF065A612665A90D5CF0162F /* ScanCacheView.swift */ = {isa = PBXFileReference; lastKnownFileType = sourcecode.swift; path = ScanCacheView.swift; sourceTree = "<group>"; };
		BF9D07CA34FE8810CF5FF634 /* FileCopier.swift */ = {isa = PBXFileReference; lastKnownFileType = sourcecode.swift; path = FileCopier.swift; sourceTree = "<group>"; };
		C0886F22F3BD10A946192FCA /* Scanner.swift */ = {isa = PBXFileReference; lastKnownFileType = sourcecode.swift; path = Scanner.swift; sourceTree = "<group>"; };
		C44ECF808527E68F4CA67786 /* MainToolbar.swift */ = {isa = PBXFileReference; lastKnownFileType = sourcecode.swift; path = MainToolbar.swift; sourceTree = "<group>"; };
		C8F98835F424ADF8E3ABE16F /* DuplicatesView.swift */ = {isa = PBXFileReference; lastKnownFileType = sourcecode.swift; path = DuplicatesView.swift; sourceTree = "<group>"; };
		C913A9C2F1DEA3A2577ADB71 /* ViewPrefsStore.swift */ = {isa = PBXFileReference; lastKnownFileType = sourcecode.swift; path = ViewPrefsStore.swift; sourceTree = "<group>"; };
		CAE60CE94E525BB06CAB88D0 /* Info.plist */ = {isa = PBXFileReference; lastKnownFileType = text.plist; path = Info.plist; sourceTree = "<group>"; };
		CED125E86EB977B732F55F62 /* KeepRule.swift */ = {isa = PBXFileReference; lastKnownFileType = sourcecode.swift; path = KeepRule.swift; sourceTree = "<group>"; };
		CF52A4E49B04053DEEC78B56 /* PlanningService.swift */ = {isa = PBXFileReference; lastKnownFileType = sourcecode.swift; path = PlanningService.swift; sourceTree = "<group>"; };
		D4DAF550E4C8CE67CFE830AD /* CrossDriveDuplicateTests.swift */ = {isa = PBXFileReference; lastKnownFileType = sourcecode.swift; path = CrossDriveDuplicateTests.swift; sourceTree = "<group>"; };
		D4F9F870260EEDCD0B3AC49E /* DriveRoleTests.swift */ = {isa = PBXFileReference; lastKnownFileType = sourcecode.swift; path = DriveRoleTests.swift; sourceTree = "<group>"; };
		D8A5C5983831D1A837A4B865 /* Support.swift */ = {isa = PBXFileReference; lastKnownFileType = sourcecode.swift; path = Support.swift; sourceTree = "<group>"; };
		D9BFF7A87C30AE1041B12C4E /* VolumeFilter.swift */ = {isa = PBXFileReference; lastKnownFileType = sourcecode.swift; path = VolumeFilter.swift; sourceTree = "<group>"; };
		DC0E3023FC4DCBEC7CD10333 /* HiddenFilesTests.swift */ = {isa = PBXFileReference; lastKnownFileType = sourcecode.swift; path = HiddenFilesTests.swift; sourceTree = "<group>"; };
		DDDB8CF07C09E98A6414D28D /* DiskGallery.app */ = {isa = PBXFileReference; explicitFileType = wrapper.application; includeInIndex = 0; path = DiskGallery.app; sourceTree = BUILT_PRODUCTS_DIR; };
		DDDE0C869FC4D5E82CC433DA /* Components.swift */ = {isa = PBXFileReference; lastKnownFileType = sourcecode.swift; path = Components.swift; sourceTree = "<group>"; };
		DDE05C6B85A503E26D748DF5 /* UnifiedBrowserService.swift */ = {isa = PBXFileReference; lastKnownFileType = sourcecode.swift; path = UnifiedBrowserService.swift; sourceTree = "<group>"; };
		DFDC239DC0408625DC178B36 /* BrowserUITests.swift */ = {isa = PBXFileReference; lastKnownFileType = sourcecode.swift; path = BrowserUITests.swift; sourceTree = "<group>"; };
		E0860DD76D728A4E486E6CD1 /* VolumeMetadata.swift */ = {isa = PBXFileReference; lastKnownFileType = sourcecode.swift; path = VolumeMetadata.swift; sourceTree = "<group>"; };
		E1FF94BF0A803EA9F9F85826 /* AppInfo.swift */ = {isa = PBXFileReference; lastKnownFileType = sourcecode.swift; path = AppInfo.swift; sourceTree = "<group>"; };
		E36B7B9EED5EFD95D5571A80 /* ScanExclusionTests.swift */ = {isa = PBXFileReference; lastKnownFileType = sourcecode.swift; path = ScanExclusionTests.swift; sourceTree = "<group>"; };
		E4927DF6E42CF4C7CC971510 /* KeepRuleTests.swift */ = {isa = PBXFileReference; lastKnownFileType = sourcecode.swift; path = KeepRuleTests.swift; sourceTree = "<group>"; };
		E53EFC6DA62C46A213C123D0 /* DriveRolesUI.swift */ = {isa = PBXFileReference; lastKnownFileType = sourcecode.swift; path = DriveRolesUI.swift; sourceTree = "<group>"; };
		E5DCF26C7870D0473AE95C75 /* ScanExclusion.swift */ = {isa = PBXFileReference; lastKnownFileType = sourcecode.swift; path = ScanExclusion.swift; sourceTree = "<group>"; };
		E79766C18BB7460C63E09866 /* SettingsView.swift */ = {isa = PBXFileReference; lastKnownFileType = sourcecode.swift; path = SettingsView.swift; sourceTree = "<group>"; };
		E8C72B112CB1A19D091849CB /* ActionPlanView.swift */ = {isa = PBXFileReference; lastKnownFileType = sourcecode.swift; path = ActionPlanView.swift; sourceTree = "<group>"; };
		ECBA2AE40DDF4B70537C8F4F /* ThemeStore.swift */ = {isa = PBXFileReference; lastKnownFileType = sourcecode.swift; path = ThemeStore.swift; sourceTree = "<group>"; };
		F46FB69746E1A1F87B2D46BA /* TransferPlannerView.swift */ = {isa = PBXFileReference; lastKnownFileType = sourcecode.swift; path = TransferPlannerView.swift; sourceTree = "<group>"; };
		F61385A2B68C7E416365D04F /* RecentSearchStore.swift */ = {isa = PBXFileReference; lastKnownFileType = sourcecode.swift; path = RecentSearchStore.swift; sourceTree = "<group>"; };
		F7564DDC8279F5702EE38072 /* DuplicateTests.swift */ = {isa = PBXFileReference; lastKnownFileType = sourcecode.swift; path = DuplicateTests.swift; sourceTree = "<group>"; };
		F8822CADD3F623321528676A /* ProBadge.swift */ = {isa = PBXFileReference; lastKnownFileType = sourcecode.swift; path = ProBadge.swift; sourceTree = "<group>"; };
		F99FC8A7DC3A97C0CC85640D /* SplashView.swift */ = {isa = PBXFileReference; lastKnownFileType = sourcecode.swift; path = SplashView.swift; sourceTree = "<group>"; };
		FE0290245E00880A68D2336F /* FileOperation.swift */ = {isa = PBXFileReference; lastKnownFileType = sourcecode.swift; path = FileOperation.swift; sourceTree = "<group>"; };
/* End PBXFileReference section */

/* Begin PBXFrameworksBuildPhase section */
		085A161B46DE42971756AE51 /* Frameworks */ = {
			isa = PBXFrameworksBuildPhase;
			buildActionMask = 2147483647;
			files = (
				9BDCC4825CCA0392F74A7774 /* DiskGalleryCore.framework in Frameworks */,
				971ADAEA668B494600CDEC34 /* Sparkle in Frameworks */,
			);
			runOnlyForDeploymentPostprocessing = 0;
		};
		39FA17B698FE3030974838D3 /* Frameworks */ = {
			isa = PBXFrameworksBuildPhase;
			buildActionMask = 2147483647;
			files = (
				AC9701D75226543C584AA598 /* GRDB in Frameworks */,
			);
			runOnlyForDeploymentPostprocessing = 0;
		};
		49AF78827DA47ACE16EEF696 /* Frameworks */ = {
			isa = PBXFrameworksBuildPhase;
			buildActionMask = 2147483647;
			files = (
				8EE496A6509DBA0A133C547A /* DiskGalleryCore.framework in Frameworks */,
			);
			runOnlyForDeploymentPostprocessing = 0;
		};
/* End PBXFrameworksBuildPhase section */

/* Begin PBXGroup section */
		04ED67E12B42B0321F8BF98D /* Gallery */ = {
			isa = PBXGroup;
			children = (
				77B20AFA6B3E8B5D6D383F71 /* GalleryService.swift */,
			);
			path = Gallery;
			sourceTree = "<group>";
		};
		09DC52A2DCC5A3D671283992 /* Annotations */ = {
			isa = PBXGroup;
			children = (
				8541EFC2B903B51A3A69F365 /* AnnotationStore.swift */,
			);
			path = Annotations;
			sourceTree = "<group>";
		};
		0BC1056BB2ED8782962F2C56 /* Changes */ = {
			isa = PBXGroup;
			children = (
				2303765E6DD32995AC1EC81B /* ChangeService.swift */,
			);
			path = Changes;
			sourceTree = "<group>";
		};
		12B9569D83AC2F82A20E3C28 /* Theme */ = {
			isa = PBXGroup;
			children = (
				0ABD4966F2629801B58174E0 /* Capacity.swift */,
				1B60F525D3DE6BD4E0A73D7F /* ThemeModel.swift */,
			);
			path = Theme;
			sourceTree = "<group>";
		};
		348DD25B395404EA8B8BCA50 /* Views */ = {
			isa = PBXGroup;
			children = (
				4C0132640FCCDDEF2AC26725 /* Brand */,
				443C98C9C1646C5720630425 /* Upgrade */,
				E8C72B112CB1A19D091849CB /* ActionPlanView.swift */,
				5F829DE6FBD919E122240C98 /* AllDrivesView.swift */,
				7CAB8199993101F11F86332D /* ChangesView.swift */,
				DDDE0C869FC4D5E82CC433DA /* Components.swift */,
				E53EFC6DA62C46A213C123D0 /* DriveRolesUI.swift */,
				C8F98835F424ADF8E3ABE16F /* DuplicatesView.swift */,
				2C7B796F9140FFB75649FBEA /* EntryDetailView.swift */,
				4296D75D18CD7E48D8D775B7 /* ExecutionConfirmView.swift */,
				1B984BBEB0792642053779B9 /* GalleryView.swift */,
				5844EC9B6BCF8A8733084C2E /* LibrarySidebarView.swift */,
				C44ECF808527E68F4CA67786 /* MainToolbar.swift */,
				2C6A636B23F4AF7231425323 /* OrganizeView.swift */,
				BF065A612665A90D5CF0162F /* ScanCacheView.swift */,
				4758EFE5A2559FC7E68D053C /* ScanProgressView.swift */,
				146D1C1E98B588853D9D5BB8 /* SearchResultsView.swift */,
				E79766C18BB7460C63E09866 /* SettingsView.swift */,
				86D3048FEAC718F9F9AF6C11 /* TaggedListView.swift */,
				F46FB69746E1A1F87B2D46BA /* TransferPlannerView.swift */,
				4CE3D6482D7BB8F0454D6109 /* UnifiedComparePanel.swift */,
				A8CD39F5B61B263648FB01D9 /* UnifiedOutline.swift */,
				9FC4B9FE3D85994F49AE8AC8 /* VolumeBrowserView.swift */,
			);
			path = Views;
			sourceTree = "<group>";
		};
		38C0F9C72157D6767BE2E6C4 /* DiskGallery */ = {
			isa = PBXGroup;
			children = (
				6B251E045FAB8819B79296BE /* App */,
				50C85898E7008FAB4A2DFC47 /* Support */,
				348DD25B395404EA8B8BCA50 /* Views */,
				AE87A812D11B679A5209E9CE /* Volumes */,
				BC3C0065500C24587932BC0A /* Assets.xcassets */,
				CAE60CE94E525BB06CAB88D0 /* Info.plist */,
			);
			path = DiskGallery;
			sourceTree = "<group>";
		};
		3974AC806D5C0A872093BC8B /* Library */ = {
			isa = PBXGroup;
			children = (
				B474506196335AB972ACF0B4 /* LibraryService.swift */,
			);
			path = Library;
			sourceTree = "<group>";
		};
		443C98C9C1646C5720630425 /* Upgrade */ = {
			isa = PBXGroup;
			children = (
				F8822CADD3F623321528676A /* ProBadge.swift */,
				BC621BD96C2E755F0715EB35 /* UpgradeSheet.swift */,
			);
			path = Upgrade;
			sourceTree = "<group>";
		};
		4842FEE73EED492C3DE2E141 /* FinderTags */ = {
			isa = PBXGroup;
			children = (
				1DEBF25065F6D177BAAD8EBF /* FinderTagWriter.swift */,
				9EA6F719324857802A79854A /* RevealTarget.swift */,
			);
			path = FinderTags;
			sourceTree = "<group>";
		};
		4C0132640FCCDDEF2AC26725 /* Brand */ = {
			isa = PBXGroup;
			children = (
				6069A75F596EED173763F9A6 /* AboutView.swift */,
				E1FF94BF0A803EA9F9F85826 /* AppInfo.swift */,
				30214F42D630FDFEBE410EB4 /* BrandMark.swift */,
				F99FC8A7DC3A97C0CC85640D /* SplashView.swift */,
			);
			path = Brand;
			sourceTree = "<group>";
		};
		4EF4D1B03A8BCFCD227596A9 /* Data */ = {
			isa = PBXGroup;
			children = (
				79E7150F9FAC9E3145394AE1 /* AppDatabase.swift */,
				05E28A1908D4D546A9F3285B /* FileCategory.swift */,
				419C2FE432E8213D40143239 /* Migrations.swift */,
				6CEE1A004B973AABD3E7B995 /* Models.swift */,
				37759AE691004539E555EF69 /* PathVisibility.swift */,
			);
			path = Data;
			sourceTree = "<group>";
		};
		50C85898E7008FAB4A2DFC47 /* Support */ = {
			isa = PBXGroup;
			children = (
				481741FBB56E535B49151FE4 /* AccentPalette.swift */,
				A9E8F92833EFD609815E1633 /* Colors.swift */,
				712CE98E1694A1CF820CC275 /* DriveDragItems.swift */,
				93C152BBBD265C9056CDBD00 /* DriveHardwareDisplay.swift */,
				A55AD4B91FA397B9471B601E /* Formatters.swift */,
			);
			path = Support;
			sourceTree = "<group>";
		};
		57685C50102D09D20EB4E403 /* DiskGalleryCoreTests */ = {
			isa = PBXGroup;
			children = (
				3325B611887D0F2E1AE3DE0E /* AnnotationListTests.swift */,
				77EFB0CEC11A298EB4F9FFCC /* AnnotationTests.swift */,
				B82987EC891FA8B2F0A51F0F /* BackupTests.swift */,
				73DE55DAEC232BB0BE14679A /* CapacityTests.swift */,
				2DF8B6014428D118FD2C366E /* ChangeTests.swift */,
				D4DAF550E4C8CE67CFE830AD /* CrossDriveDuplicateTests.swift */,
				05346B55515038236E4B4183 /* DriveRolesServiceTests.swift */,
				D4F9F870260EEDCD0B3AC49E /* DriveRoleTests.swift */,
				F7564DDC8279F5702EE38072 /* DuplicateTests.swift */,
				58B79C594B327607E179EF05 /* ExecutionTests.swift */,
				5320939B847686300165F08C /* FeatureTests.swift */,
				63D12FD145E27077BFBDB7CF /* FileCategoryTests.swift */,
				4105C0CC1F9C0469C2052248 /* FinderTagTests.swift */,
				62881B657D719F595100AE56 /* GalleryTests.swift */,
				286934E837CA4025B46E82A5 /* GroupingTests.swift */,
				DC0E3023FC4DCBEC7CD10333 /* HiddenFilesTests.swift */,
				E4927DF6E42CF4C7CC971510 /* KeepRuleTests.swift */,
				A29447DD438A0EDA49CD6D07 /* LicenseTests.swift */,
				411D66DC8AAED302B83CB44B /* MutationGuardTests.swift */,
				A83DB251EBC4569F837483F0 /* OrganizationPlannerTests.swift */,
				9FBEDC6412CCA90EC2382A0B /* PathVisibilityTests.swift */,
				3C8DCECD169ABFB6FA93CFA2 /* PlanningTests.swift */,
				614B4CF5335499004E59FB34 /* RevealTargetTests.swift */,
				E36B7B9EED5EFD95D5571A80 /* ScanExclusionTests.swift */,
				5062F5EE1D34820031723CE7 /* ScannerTests.swift */,
				AE29FBDED974E93FA9BFC427 /* SearchTests.swift */,
				D8A5C5983831D1A837A4B865 /* Support.swift */,
				A970B4165B27B059F6CE72E4 /* ThemeModelTests.swift */,
				A45031601CDC5B8375646C67 /* ThumbnailTests.swift */,
				1DEA844745D0DBFB7E8CAAFC /* UnifiedBrowserServiceTests.swift */,
				3FAE81ABC6EF977563DD7EA8 /* UnifiedMergeTests.swift */,
				3737FA4398BB56E6850F2A40 /* VolumeFilterTests.swift */,
			);
			path = DiskGalleryCoreTests;
			sourceTree = "<group>";
		};
		625AE92E80BA82D6DD89D856 /* Execution */ = {
			isa = PBXGroup;
			children = (
				94039570E648916C922F9B01 /* ExecutorService.swift */,
				BF9D07CA34FE8810CF5FF634 /* FileCopier.swift */,
				FE0290245E00880A68D2336F /* FileOperation.swift */,
				41F0F99044760166F240908A /* FileTrasher.swift */,
			);
			path = Execution;
			sourceTree = "<group>";
		};
		6B251E045FAB8819B79296BE /* App */ = {
			isa = PBXGroup;
			children = (
				32BBDA2EB412284EC0D8DC4B /* AppEnvironment.swift */,
				97084FB885F63B7AB7363CAB /* BrowserNav.swift */,
				149B608FC593D130B299F9C8 /* DiskGalleryApp.swift */,
				12DEFB14204B9A103F85064D /* DriveRoleLabelsStore.swift */,
				5473AB3A7C7A7143F2118E2E /* LicenseStore.swift */,
				F61385A2B68C7E416365D04F /* RecentSearchStore.swift */,
				3CA545E66F28EFEE10CF5566 /* ShortcutStore.swift */,
				7D93D14E859992536494962C /* SystemAppearance.swift */,
				ECBA2AE40DDF4B70537C8F4F /* ThemeStore.swift */,
				ACEF377D8C936CDB08325E7E /* Updater.swift */,
				C913A9C2F1DEA3A2577ADB71 /* ViewPrefsStore.swift */,
			);
			path = App;
			sourceTree = "<group>";
		};
		732D8E2C3BA9931D5A9E3AAC /* Search */ = {
			isa = PBXGroup;
			children = (
				984A25DFFA7E4AEA9EB82384 /* SearchService.swift */,
			);
			path = Search;
			sourceTree = "<group>";
		};
		9093CE4B4BFCADF7CB04DEFE /* Planning */ = {
			isa = PBXGroup;
			children = (
				94C4F8F623F40582C783D808 /* DriveRole.swift */,
				7CF6F412FA376367DA18CA9E /* DriveRolesService.swift */,
				350D0E1C93E48609F8D0B030 /* OrganizationPlanner.swift */,
				CF52A4E49B04053DEEC78B56 /* PlanningService.swift */,
			);
			path = Planning;
			sourceTree = "<group>";
		};
		96DE309E4F4F94AB9B317EAF /* Licensing */ = {
			isa = PBXGroup;
			children = (
				82CEA25A8A02DB36E150E78C /* Feature.swift */,
				5902170A290056A387972A7C /* LicenseVerifier.swift */,
			);
			path = Licensing;
			sourceTree = "<group>";
		};
		AE87A812D11B679A5209E9CE /* Volumes */ = {
			isa = PBXGroup;
			children = (
				93B2DFD8332DA70FF37376FB /* VolumeService.swift */,
			);
			path = Volumes;
			sourceTree = "<group>";
		};
		B4950E3848C10EBB6175D8B9 /* Products */ = {
			isa = PBXGroup;
			children = (
				DDDB8CF07C09E98A6414D28D /* DiskGallery.app */,
				B931D88A05CB350D5325E027 /* DiskGalleryCore.framework */,
				413E51629AFD434627D3871C /* DiskGalleryCoreTests.xctest */,
				369012288A55FF3177C489B1 /* DiskGalleryUITests.xctest */,
			);
			name = Products;
			sourceTree = "<group>";
		};
		BDFE0DEC5CFFC1431793439B /* Unified */ = {
			isa = PBXGroup;
			children = (
				DDE05C6B85A503E26D748DF5 /* UnifiedBrowserService.swift */,
				2F72822C41A56A52B45A9E98 /* UnifiedMerge.swift */,
				5441DBAD865C164F06C51077 /* UnifiedModels.swift */,
			);
			path = Unified;
			sourceTree = "<group>";
		};
		CBA146940F6BECEEF4802A4A /* DiskGalleryUITests */ = {
			isa = PBXGroup;
			children = (
				DFDC239DC0408625DC178B36 /* BrowserUITests.swift */,
			);
			path = DiskGalleryUITests;
			sourceTree = "<group>";
		};
		D22E82DBE1245BFAA3EEB9D1 /* Duplicates */ = {
			isa = PBXGroup;
			children = (
				052F1C86EE5C7C4897CBB317 /* DuplicateEngine.swift */,
				7BAFAE81B2BF46DB4F0846BB /* HashVerifier.swift */,
				CED125E86EB977B732F55F62 /* KeepRule.swift */,
			);
			path = Duplicates;
			sourceTree = "<group>";
		};
		D2FC6CDF6578A9C200AC0063 /* Scanning */ = {
			isa = PBXGroup;
			children = (
				BC0F324047574353BA4FF76D /* DriveHardwareProbe.swift */,
				E5DCF26C7870D0473AE95C75 /* ScanExclusion.swift */,
				C0886F22F3BD10A946192FCA /* Scanner.swift */,
				395CB1FD1B89F2B19088F80B /* ScanProgress.swift */,
				D9BFF7A87C30AE1041B12C4E /* VolumeFilter.swift */,
				E0860DD76D728A4E486E6CD1 /* VolumeMetadata.swift */,
			);
			path = Scanning;
			sourceTree = "<group>";
		};
		DDC74AB40A69D78A2325CE4A /* Thumbnails */ = {
			isa = PBXGroup;
			children = (
				6841323EDCA014BA601FB704 /* Thumbnail.swift */,
				B80E004DD7BC792F254239BA /* ThumbnailService.swift */,
			);
			path = Thumbnails;
			sourceTree = "<group>";
		};
		E027C09A8F0042FE9A8ADA35 = {
			isa = PBXGroup;
			children = (
				38C0F9C72157D6767BE2E6C4 /* DiskGallery */,
				E6BE9F33D43B1065CBBAE1A0 /* DiskGalleryCore */,
				57685C50102D09D20EB4E403 /* DiskGalleryCoreTests */,
				CBA146940F6BECEEF4802A4A /* DiskGalleryUITests */,
				B4950E3848C10EBB6175D8B9 /* Products */,
			);
			sourceTree = "<group>";
		};
		E6BE9F33D43B1065CBBAE1A0 /* DiskGalleryCore */ = {
			isa = PBXGroup;
			children = (
				09DC52A2DCC5A3D671283992 /* Annotations */,
				FA5906EDE2356BB6FE17A0F6 /* Backup */,
				0BC1056BB2ED8782962F2C56 /* Changes */,
				4EF4D1B03A8BCFCD227596A9 /* Data */,
				D22E82DBE1245BFAA3EEB9D1 /* Duplicates */,
				625AE92E80BA82D6DD89D856 /* Execution */,
				4842FEE73EED492C3DE2E141 /* FinderTags */,
				04ED67E12B42B0321F8BF98D /* Gallery */,
				3974AC806D5C0A872093BC8B /* Library */,
				96DE309E4F4F94AB9B317EAF /* Licensing */,
				9093CE4B4BFCADF7CB04DEFE /* Planning */,
				D2FC6CDF6578A9C200AC0063 /* Scanning */,
				732D8E2C3BA9931D5A9E3AAC /* Search */,
				12B9569D83AC2F82A20E3C28 /* Theme */,
				DDC74AB40A69D78A2325CE4A /* Thumbnails */,
				BDFE0DEC5CFFC1431793439B /* Unified */,
				1AFFB1E76AE447035048FF76 /* Catalog.swift */,
			);
			path = DiskGalleryCore;
			sourceTree = "<group>";
		};
		FA5906EDE2356BB6FE17A0F6 /* Backup */ = {
			isa = PBXGroup;
			children = (
				970327FB4C59803D34408AB0 /* BackupService.swift */,
			);
			path = Backup;
			sourceTree = "<group>";
		};
/* End PBXGroup section */

/* Begin PBXNativeTarget section */
		783F9D45A4ACFDF557E59671 /* DiskGalleryCoreTests */ = {
			isa = PBXNativeTarget;
			buildConfigurationList = 1A89C2D36B83C5EFE38D2318 /* Build configuration list for PBXNativeTarget "DiskGalleryCoreTests" */;
			buildPhases = (
				5019E87EA743CFE2FECC5AA5 /* Sources */,
				49AF78827DA47ACE16EEF696 /* Frameworks */,
				C8EB5CDF25AA59B06401A76D /* Embed Frameworks */,
			);
			buildRules = (
			);
			dependencies = (
				B937037AE806E4C036D32E23 /* PBXTargetDependency */,
			);
			name = DiskGalleryCoreTests;
			packageProductDependencies = (
			);
			productName = DiskGalleryCoreTests;
			productReference = 413E51629AFD434627D3871C /* DiskGalleryCoreTests.xctest */;
			productType = "com.apple.product-type.bundle.unit-test";
		};
		B8F8CC00E0947E484F9C7169 /* DiskGalleryCore */ = {
			isa = PBXNativeTarget;
			buildConfigurationList = 665CE738A31D5143D34D02AC /* Build configuration list for PBXNativeTarget "DiskGalleryCore" */;
			buildPhases = (
				DC65E4885B398A5B201576A2 /* Sources */,
				39FA17B698FE3030974838D3 /* Frameworks */,
			);
			buildRules = (
			);
			dependencies = (
			);
			name = DiskGalleryCore;
			packageProductDependencies = (
				EDAD081A4FE6D77943D6D89D /* GRDB */,
			);
			productName = DiskGalleryCore;
			productReference = B931D88A05CB350D5325E027 /* DiskGalleryCore.framework */;
			productType = "com.apple.product-type.framework";
		};
		C4D9CCA90D302D7192F74F5F /* DiskGallery */ = {
			isa = PBXNativeTarget;
			buildConfigurationList = 033B31A836AD19AB1E1DA495 /* Build configuration list for PBXNativeTarget "DiskGallery" */;
			buildPhases = (
				C583DE117020100D102E4DDA /* Sources */,
				B7D5C69B340284B29F885408 /* Resources */,
				085A161B46DE42971756AE51 /* Frameworks */,
				ABBB2572F67AE67C7C279070 /* Embed Frameworks */,
			);
			buildRules = (
			);
			dependencies = (
				E745272A51AF490273715DE9 /* PBXTargetDependency */,
			);
			name = DiskGallery;
			packageProductDependencies = (
				436BAC234ACE2038B13AD3DC /* Sparkle */,
			);
			productName = DiskGallery;
			productReference = DDDB8CF07C09E98A6414D28D /* DiskGallery.app */;
			productType = "com.apple.product-type.application";
		};
		C8003FE8A68731C1A6EA0FD8 /* DiskGalleryUITests */ = {
			isa = PBXNativeTarget;
			buildConfigurationList = 776E8886CAC4905E89422F06 /* Build configuration list for PBXNativeTarget "DiskGalleryUITests" */;
			buildPhases = (
				A839CAC0E3AB241B72B6CE0A /* Sources */,
			);
			buildRules = (
			);
			dependencies = (
				C02AF30C7EA91B9E979E311A /* PBXTargetDependency */,
			);
			name = DiskGalleryUITests;
			packageProductDependencies = (
			);
			productName = DiskGalleryUITests;
			productReference = 369012288A55FF3177C489B1 /* DiskGalleryUITests.xctest */;
			productType = "com.apple.product-type.bundle.ui-testing";
		};
/* End PBXNativeTarget section */

/* Begin PBXProject section */
		B2AFA75971C27CAB53B74C15 /* Project object */ = {
			isa = PBXProject;
			attributes = {
				BuildIndependentTargetsInParallel = YES;
				LastUpgradeCheck = 1430;
				TargetAttributes = {
					783F9D45A4ACFDF557E59671 = {
						DevelopmentTeam = L26TPPMPF3;
						ProvisioningStyle = Automatic;
					};
					B8F8CC00E0947E484F9C7169 = {
						DevelopmentTeam = L26TPPMPF3;
						ProvisioningStyle = Automatic;
					};
					C4D9CCA90D302D7192F74F5F = {
						DevelopmentTeam = L26TPPMPF3;
						ProvisioningStyle = Automatic;
					};
					C8003FE8A68731C1A6EA0FD8 = {
						DevelopmentTeam = L26TPPMPF3;
						ProvisioningStyle = Automatic;
						TestTargetID = C4D9CCA90D302D7192F74F5F;
					};
				};
			};
			buildConfigurationList = 5FDC11071C8B3FCDF48DF744 /* Build configuration list for PBXProject "DiskGallery" */;
			developmentRegion = en;
			hasScannedForEncodings = 0;
			knownRegions = (
				Base,
				en,
			);
			mainGroup = E027C09A8F0042FE9A8ADA35;
			minimizedProjectReferenceProxies = 1;
			packageReferences = (
				0AF56A203280127E1935CA49 /* XCRemoteSwiftPackageReference "GRDB.swift" */,
				A3B9AFED21BEDA2E0080660A /* XCRemoteSwiftPackageReference "Sparkle" */,
			);
			preferredProjectObjectVersion = 77;
			productRefGroup = B4950E3848C10EBB6175D8B9 /* Products */;
			projectDirPath = "";
			projectRoot = "";
			targets = (
				B8F8CC00E0947E484F9C7169 /* DiskGalleryCore */,
				C4D9CCA90D302D7192F74F5F /* DiskGallery */,
				783F9D45A4ACFDF557E59671 /* DiskGalleryCoreTests */,
				C8003FE8A68731C1A6EA0FD8 /* DiskGalleryUITests */,
			);
		};
/* End PBXProject section */

/* Begin PBXResourcesBuildPhase section */
		B7D5C69B340284B29F885408 /* Resources */ = {
			isa = PBXResourcesBuildPhase;
			buildActionMask = 2147483647;
			files = (
				48B9C217FDBC1191B3794535 /* Assets.xcassets in Resources */,
			);
			runOnlyForDeploymentPostprocessing = 0;
		};
/* End PBXResourcesBuildPhase section */

/* Begin PBXSourcesBuildPhase section */
		5019E87EA743CFE2FECC5AA5 /* Sources */ = {
			isa = PBXSourcesBuildPhase;
			buildActionMask = 2147483647;
			files = (
				E1D9B61F52226A118CD8DDD2 /* AnnotationListTests.swift in Sources */,
				78F985AE016928608959CE27 /* AnnotationTests.swift in Sources */,
				1BBC250BE23923DBA37ABCB0 /* BackupTests.swift in Sources */,
				D717C2F20D3C102722251C7F /* CapacityTests.swift in Sources */,
				04FD7DD0404A7ED926DCD970 /* ChangeTests.swift in Sources */,
				04EE7BB7F97B50A3F09BE417 /* CrossDriveDuplicateTests.swift in Sources */,
				FA1BBD41BF53E2137F2680BC /* DriveRoleTests.swift in Sources */,
				861F453436951062EC0BAC0C /* DriveRolesServiceTests.swift in Sources */,
				5767A44CEC56229399FB8C08 /* DuplicateTests.swift in Sources */,
				56B5471C38D9B929AC499075 /* ExecutionTests.swift in Sources */,
				593A032647E01F0B4D8E25D5 /* FeatureTests.swift in Sources */,
				791ECA6A41E764190290A12C /* FileCategoryTests.swift in Sources */,
				54F7E036F94C146237106B8D /* FinderTagTests.swift in Sources */,
				AA10EE288CFA713CB0E5688F /* GalleryTests.swift in Sources */,
				F6C371633BD9F87A479F3BA7 /* GroupingTests.swift in Sources */,
				034984A8B83894F6B435CBA1 /* HiddenFilesTests.swift in Sources */,
				5E5155418A444E809457726B /* KeepRuleTests.swift in Sources */,
				907624D036768D1FF01C7D85 /* LicenseTests.swift in Sources */,
				32F55E13BEB72EA7D463AADC /* MutationGuardTests.swift in Sources */,
				7E9167B07785325E285B2060 /* OrganizationPlannerTests.swift in Sources */,
				DDEFACEAD9C6A875167EFB00 /* PathVisibilityTests.swift in Sources */,
				7F9684CC87181356712AA720 /* PlanningTests.swift in Sources */,
				67D7BD89B2D84FBB57607818 /* RevealTargetTests.swift in Sources */,
				8799A8D14B659FF3E7DAEF39 /* ScanExclusionTests.swift in Sources */,
				0574CA08E81E2428FF8892AC /* ScannerTests.swift in Sources */,
				096A6E03CB7478C7202DE409 /* SearchTests.swift in Sources */,
				E5FD991C44554B7098DABEDE /* Support.swift in Sources */,
				946DB94A095C8E5D2A6BCF46 /* ThemeModelTests.swift in Sources */,
				68149FC1166CF7FB170BDC9C /* ThumbnailTests.swift in Sources */,
				D29FED79BEA7ACDAFC5F808C /* UnifiedBrowserServiceTests.swift in Sources */,
				2D9AFF40BB8E1E582355F5EE /* UnifiedMergeTests.swift in Sources */,
				7B1F5D43CB32C43142BAFBE6 /* VolumeFilterTests.swift in Sources */,
			);
			runOnlyForDeploymentPostprocessing = 0;
		};
		A839CAC0E3AB241B72B6CE0A /* Sources */ = {
			isa = PBXSourcesBuildPhase;
			buildActionMask = 2147483647;
			files = (
				DC8EBD9FB93DA3FBB970C0D3 /* BrowserUITests.swift in Sources */,
			);
			runOnlyForDeploymentPostprocessing = 0;
		};
		C583DE117020100D102E4DDA /* Sources */ = {
			isa = PBXSourcesBuildPhase;
			buildActionMask = 2147483647;
			files = (
				C008A1A21F408B78714FCF84 /* AboutView.swift in Sources */,
				119F3A7CA0084C00109D5EE1 /* AccentPalette.swift in Sources */,
				656C5629B8D927DFB5320AF1 /* ActionPlanView.swift in Sources */,
				EA6747A81E534619A05CA591 /* AllDrivesView.swift in Sources */,
				D1EDEFB64606629727F60C28 /* AppEnvironment.swift in Sources */,
				4272814F660D27B90F7ED93C /* AppInfo.swift in Sources */,
				6B5290098201AEBC93793B1D /* BrandMark.swift in Sources */,
				0C776729B8CC44319F10FF53 /* BrowserNav.swift in Sources */,
				AF654013EAEE5BC737A5585F /* ChangesView.swift in Sources */,
				10C1AC576EACE8AE9E799385 /* Colors.swift in Sources */,
				E2136432120E82AE171C2623 /* Components.swift in Sources */,
				26E03B7CB351BBB67A92F649 /* DiskGalleryApp.swift in Sources */,
				D85E8BB72E7E52D14364E9EE /* DriveDragItems.swift in Sources */,
				535DB6EB2DA3353CCF07648F /* DriveHardwareDisplay.swift in Sources */,
				BE22D041B9CC618F208F09BF /* DriveRoleLabelsStore.swift in Sources */,
				37D1FE9BF51F5C339990ED74 /* DriveRolesUI.swift in Sources */,
				F4798D76A8EBE58BB98FC812 /* DuplicatesView.swift in Sources */,
				364EC7F2121DE680B84DA20A /* EntryDetailView.swift in Sources */,
				D30172335837E01888E0BADB /* ExecutionConfirmView.swift in Sources */,
				8D42FF94DD3DB0E8C7B7F256 /* Formatters.swift in Sources */,
				A0A2F31AD20D55D4DB22DD6D /* GalleryView.swift in Sources */,
				9C5E0BBD9E34E1611BED70ED /* LibrarySidebarView.swift in Sources */,
				1C9272BC8B0BC1C338147B3E /* LicenseStore.swift in Sources */,
				A34C2F45543942327DF1A4CE /* MainToolbar.swift in Sources */,
				BF54B03A4E72C8AC63331AB3 /* OrganizeView.swift in Sources */,
				C8C2BAD9C2BDE90D71E027AC /* ProBadge.swift in Sources */,
				E823F0BAD1DD0D47E048EE92 /* RecentSearchStore.swift in Sources */,
				43D9CAB4E3241728E5BD42BF /* ScanCacheView.swift in Sources */,
				087128B95EFB93784C4FCD5E /* ScanProgressView.swift in Sources */,
				B26BDDFC9870C5EAB71E0587 /* SearchResultsView.swift in Sources */,
				C723B2681D13ADAD6B82B080 /* SettingsView.swift in Sources */,
				C5A6E538914E1290442AEC7A /* ShortcutStore.swift in Sources */,
				2C0B049C5CB6873A381D4EBB /* SplashView.swift in Sources */,
				526BC038E5FBA275C315A6DA /* SystemAppearance.swift in Sources */,
				A6F8081BD8E0E7CE48D5F3ED /* TaggedListView.swift in Sources */,
				95871C43166ACC0954915B1D /* ThemeStore.swift in Sources */,
				8E21B24409BF7A7A1D5FE6E2 /* TransferPlannerView.swift in Sources */,
				4D83F6681AF1146012A3512C /* UnifiedComparePanel.swift in Sources */,
				E408BF86EEFEE760081CE4CF /* UnifiedOutline.swift in Sources */,
				E8EE0066BE67F807EB9026CC /* Updater.swift in Sources */,
				B93FF80C8F6B70C808A42529 /* UpgradeSheet.swift in Sources */,
				BC89B034D857756B1E5259C2 /* ViewPrefsStore.swift in Sources */,
				8E2F47EDF2184A0D97425283 /* VolumeBrowserView.swift in Sources */,
				3F89243663D3FAF7DEFED70A /* VolumeService.swift in Sources */,
			);
			runOnlyForDeploymentPostprocessing = 0;
		};
		DC65E4885B398A5B201576A2 /* Sources */ = {
			isa = PBXSourcesBuildPhase;
			buildActionMask = 2147483647;
			files = (
				675EA47A2AEBA04940BC35A8 /* AnnotationStore.swift in Sources */,
				B4DBC5A1263F638B10DDD6C6 /* AppDatabase.swift in Sources */,
				9B55650018A0FDFABB64DCFB /* BackupService.swift in Sources */,
				8232FE4C5D1ECE53E8D19C6C /* Capacity.swift in Sources */,
				9FAA111FB1D47D4A250CFF75 /* Catalog.swift in Sources */,
				5AA0B13893DCA8DC49879706 /* ChangeService.swift in Sources */,
				2D53B82F6AF627B3BD8940CE /* DriveHardwareProbe.swift in Sources */,
				91F7B57248C5A2E1E756FD12 /* DriveRole.swift in Sources */,
				835BDBC39549142FEA668CEA /* DriveRolesService.swift in Sources */,
				60595B0C3850E9835F789891 /* DuplicateEngine.swift in Sources */,
				66E9ADC5BE56A17636BDE2AD /* ExecutorService.swift in Sources */,
				189DEFA7EE56C537E421F1A0 /* Feature.swift in Sources */,
				C7A6E53217D0526EBAE323DE /* FileCategory.swift in Sources */,
				1DBA5EE04B1863B824646DD5 /* FileCopier.swift in Sources */,
				A7D03DFF5B452E8DAB8EDF76 /* FileOperation.swift in Sources */,
				15EB8449EE1B76121F169032 /* FileTrasher.swift in Sources */,
				46D8791930370364587B6949 /* FinderTagWriter.swift in Sources */,
				7CBF4932474E2A7C0EED87D2 /* GalleryService.swift in Sources */,
				163787F6E82DDAE41147E42E /* HashVerifier.swift in Sources */,
				FF798E13607B774E1C65EE27 /* KeepRule.swift in Sources */,
				622D7AFD130991BA9BC8B80C /* LibraryService.swift in Sources */,
				D15774DD85C64615AD6C6942 /* LicenseVerifier.swift in Sources */,
				AF4B6A53D3887455342582AF /* Migrations.swift in Sources */,
				412F1FED7D5647E1F85054CF /* Models.swift in Sources */,
				4C39E65D70728750BBC0BC0D /* OrganizationPlanner.swift in Sources */,
				8165D633F7C1316406A49D27 /* PathVisibility.swift in Sources */,
				83A13362369ACD6FE56C51CF /* PlanningService.swift in Sources */,
				CA3D0AC01A3289939D14B419 /* RevealTarget.swift in Sources */,
				364B7E897428023FDA629896 /* ScanExclusion.swift in Sources */,
				739E488DA632B6F0175589E1 /* ScanProgress.swift in Sources */,
				5571B1DB44FDD3A6AA8BDC0F /* Scanner.swift in Sources */,
				2D0E118FD878620BF21C52E1 /* SearchService.swift in Sources */,
				181E3433E8EF0D7AFA7419B4 /* ThemeModel.swift in Sources */,
				94C3F339C20236CC228474B6 /* Thumbnail.swift in Sources */,
				AF97B71B2859EE9672615B19 /* ThumbnailService.swift in Sources */,
				DA577BE0C44375F1E7B5D94F /* UnifiedBrowserService.swift in Sources */,
				E57BDBCEEFC78BF423863EB9 /* UnifiedMerge.swift in Sources */,
				F05F2EF75F006EC08ECC182E /* UnifiedModels.swift in Sources */,
				CD7A451141240D8F3E76B330 /* VolumeFilter.swift in Sources */,
				6205D1CDDC40C2DF2A953BE7 /* VolumeMetadata.swift in Sources */,
			);
			runOnlyForDeploymentPostprocessing = 0;
		};
/* End PBXSourcesBuildPhase section */

/* Begin PBXTargetDependency section */
		B937037AE806E4C036D32E23 /* PBXTargetDependency */ = {
			isa = PBXTargetDependency;
			target = B8F8CC00E0947E484F9C7169 /* DiskGalleryCore */;
			targetProxy = 440594F7D36DA097053AD1EC /* PBXContainerItemProxy */;
		};
		C02AF30C7EA91B9E979E311A /* PBXTargetDependency */ = {
			isa = PBXTargetDependency;
			target = C4D9CCA90D302D7192F74F5F /* DiskGallery */;
			targetProxy = E3699D9507735E131B70CC4B /* PBXContainerItemProxy */;
		};
		E745272A51AF490273715DE9 /* PBXTargetDependency */ = {
			isa = PBXTargetDependency;
			target = B8F8CC00E0947E484F9C7169 /* DiskGalleryCore */;
			targetProxy = 2A97E856AA0D66104956EFFE /* PBXContainerItemProxy */;
		};
/* End PBXTargetDependency section */

/* Begin XCBuildConfiguration section */
		0458CE3D80B4166B8F849178 /* Debug */ = {
			isa = XCBuildConfiguration;
			buildSettings = {
				APPLICATION_EXTENSION_API_ONLY = NO;
				CODE_SIGN_IDENTITY = "";
				COMBINE_HIDPI_IMAGES = YES;
				CURRENT_PROJECT_VERSION = 1;
				DEFINES_MODULE = YES;
				DYLIB_COMPATIBILITY_VERSION = 1;
				DYLIB_CURRENT_VERSION = 1;
				DYLIB_INSTALL_NAME_BASE = "@rpath";
				GENERATE_INFOPLIST_FILE = YES;
				INSTALL_PATH = "$(LOCAL_LIBRARY_DIR)/Frameworks";
				LD_RUNPATH_SEARCH_PATHS = (
					"$(inherited)",
					"@executable_path/../Frameworks",
				);
				MARKETING_VERSION = 1.0;
				PRODUCT_BUNDLE_IDENTIFIER = com.dbarkan.DiskGalleryCore;
				SDKROOT = macosx;
				SKIP_INSTALL = YES;
				VERSIONING_SYSTEM = "apple-generic";
			};
			name = Debug;
		};
		1468E3ECC39CA92370027412 /* Release */ = {
			isa = XCBuildConfiguration;
			buildSettings = {
				APPLICATION_EXTENSION_API_ONLY = NO;
				CODE_SIGN_IDENTITY = "";
				COMBINE_HIDPI_IMAGES = YES;
				CURRENT_PROJECT_VERSION = 1;
				DEFINES_MODULE = YES;
				DYLIB_COMPATIBILITY_VERSION = 1;
				DYLIB_CURRENT_VERSION = 1;
				DYLIB_INSTALL_NAME_BASE = "@rpath";
				GENERATE_INFOPLIST_FILE = YES;
				INSTALL_PATH = "$(LOCAL_LIBRARY_DIR)/Frameworks";
				LD_RUNPATH_SEARCH_PATHS = (
					"$(inherited)",
					"@executable_path/../Frameworks",
				);
				MARKETING_VERSION = 1.0;
				PRODUCT_BUNDLE_IDENTIFIER = com.dbarkan.DiskGalleryCore;
				SDKROOT = macosx;
				SKIP_INSTALL = YES;
				VERSIONING_SYSTEM = "apple-generic";
			};
			name = Release;
		};
		1DBDF121B3335199D50D7E6B /* Release */ = {
			isa = XCBuildConfiguration;
			buildSettings = {
				BUNDLE_LOADER = "$(TEST_HOST)";
				COMBINE_HIDPI_IMAGES = YES;
				GENERATE_INFOPLIST_FILE = YES;
				LD_RUNPATH_SEARCH_PATHS = (
					"$(inherited)",
					"@executable_path/Frameworks",
					"@loader_path/Frameworks",
				);
				PRODUCT_BUNDLE_IDENTIFIER = com.dbarkan.DiskGalleryUITests;
				SDKROOT = macosx;
				TEST_TARGET_NAME = DiskGallery;
			};
			name = Release;
		};
		29B2DB8E7ADA5197A300FA54 /* Debug */ = {
			isa = XCBuildConfiguration;
			buildSettings = {
				BUNDLE_LOADER = "$(TEST_HOST)";
				COMBINE_HIDPI_IMAGES = YES;
				GENERATE_INFOPLIST_FILE = YES;
				LD_RUNPATH_SEARCH_PATHS = (
					"$(inherited)",
					"@executable_path/../Frameworks",
					"@loader_path/../Frameworks",
				);
				PRODUCT_BUNDLE_IDENTIFIER = com.dbarkan.DiskGalleryCoreTests;
				SDKROOT = macosx;
			};
			name = Debug;
		};
		32CD79D8EDA0CBACCD9F6271 /* Debug */ = {
			isa = XCBuildConfiguration;
			buildSettings = {
				ASSETCATALOG_COMPILER_APPICON_NAME = AppIcon;
				COMBINE_HIDPI_IMAGES = YES;
				CURRENT_PROJECT_VERSION = 7;
				ENABLE_HARDENED_RUNTIME = YES;
				GENERATE_INFOPLIST_FILE = YES;
				INFOPLIST_FILE = DiskGallery/Info.plist;
				LD_RUNPATH_SEARCH_PATHS = (
					"$(inherited)",
					"@executable_path/../Frameworks",
				);
				MARKETING_VERSION = 1.0;
				PRODUCT_BUNDLE_IDENTIFIER = com.dbarkan.DiskGallery;
				SDKROOT = macosx;
			};
			name = Debug;
		};
		45597E97800EE595F8B2AD05 /* Release */ = {
			isa = XCBuildConfiguration;
			buildSettings = {
				BUNDLE_LOADER = "$(TEST_HOST)";
				COMBINE_HIDPI_IMAGES = YES;
				GENERATE_INFOPLIST_FILE = YES;
				LD_RUNPATH_SEARCH_PATHS = (
					"$(inherited)",
					"@executable_path/../Frameworks",
					"@loader_path/../Frameworks",
				);
				PRODUCT_BUNDLE_IDENTIFIER = com.dbarkan.DiskGalleryCoreTests;
				SDKROOT = macosx;
			};
			name = Release;
		};
		5B2930E72A6F7D0BC8D0933C /* Release */ = {
			isa = XCBuildConfiguration;
			buildSettings = {
				ALWAYS_SEARCH_USER_PATHS = NO;
				CLANG_ANALYZER_NONNULL = YES;
				CLANG_ANALYZER_NUMBER_OBJECT_CONVERSION = YES_AGGRESSIVE;
				CLANG_CXX_LANGUAGE_STANDARD = "gnu++14";
				CLANG_CXX_LIBRARY = "libc++";
				CLANG_ENABLE_MODULES = YES;
				CLANG_ENABLE_OBJC_ARC = YES;
				CLANG_ENABLE_OBJC_WEAK = YES;
				CLANG_WARN_BLOCK_CAPTURE_AUTORELEASING = YES;
				CLANG_WARN_BOOL_CONVERSION = YES;
				CLANG_WARN_COMMA = YES;
				CLANG_WARN_CONSTANT_CONVERSION = YES;
				CLANG_WARN_DEPRECATED_OBJC_IMPLEMENTATIONS = YES;
				CLANG_WARN_DIRECT_OBJC_ISA_USAGE = YES_ERROR;
				CLANG_WARN_DOCUMENTATION_COMMENTS = YES;
				CLANG_WARN_EMPTY_BODY = YES;
				CLANG_WARN_ENUM_CONVERSION = YES;
				CLANG_WARN_INFINITE_RECURSION = YES;
				CLANG_WARN_INT_CONVERSION = YES;
				CLANG_WARN_NON_LITERAL_NULL_CONVERSION = YES;
				CLANG_WARN_OBJC_IMPLICIT_RETAIN_SELF = YES;
				CLANG_WARN_OBJC_LITERAL_CONVERSION = YES;
				CLANG_WARN_OBJC_ROOT_CLASS = YES_ERROR;
				CLANG_WARN_QUOTED_INCLUDE_IN_FRAMEWORK_HEADER = YES;
				CLANG_WARN_RANGE_LOOP_ANALYSIS = YES;
				CLANG_WARN_STRICT_PROTOTYPES = YES;
				CLANG_WARN_SUSPICIOUS_MOVE = YES;
				CLANG_WARN_UNGUARDED_AVAILABILITY = YES_AGGRESSIVE;
				CLANG_WARN_UNREACHABLE_CODE = YES;
				CLANG_WARN__DUPLICATE_METHOD_MATCH = YES;
				CODE_SIGN_IDENTITY = "-";
				CODE_SIGN_STYLE = Automatic;
				COPY_PHASE_STRIP = NO;
				DEAD_CODE_STRIPPING = YES;
				DEBUG_INFORMATION_FORMAT = "dwarf-with-dsym";
				DEVELOPMENT_TEAM = L26TPPMPF3;
				ENABLE_NS_ASSERTIONS = NO;
				ENABLE_STRICT_OBJC_MSGSEND = YES;
				ENABLE_USER_SCRIPT_SANDBOXING = YES;
				GCC_C_LANGUAGE_STANDARD = gnu11;
				GCC_NO_COMMON_BLOCKS = YES;
				GCC_WARN_64_TO_32_BIT_CONVERSION = YES;
				GCC_WARN_ABOUT_RETURN_TYPE = YES_ERROR;
				GCC_WARN_UNDECLARED_SELECTOR = YES;
				GCC_WARN_UNINITIALIZED_AUTOS = YES_AGGRESSIVE;
				GCC_WARN_UNUSED_FUNCTION = YES;
				GCC_WARN_UNUSED_VARIABLE = YES;
				MACOSX_DEPLOYMENT_TARGET = 15.0;
				MTL_ENABLE_DEBUG_INFO = NO;
				MTL_FAST_MATH = YES;
				PRODUCT_NAME = "$(TARGET_NAME)";
				SDKROOT = macosx;
				SWIFT_COMPILATION_MODE = wholemodule;
				SWIFT_OPTIMIZATION_LEVEL = "-O";
				SWIFT_VERSION = 6.0;
			};
			name = Release;
		};
		5F623F419B65F14698E8FF63 /* Release */ = {
			isa = XCBuildConfiguration;
			buildSettings = {
				ASSETCATALOG_COMPILER_APPICON_NAME = AppIcon;
				COMBINE_HIDPI_IMAGES = YES;
				CURRENT_PROJECT_VERSION = 7;
				ENABLE_HARDENED_RUNTIME = YES;
				GENERATE_INFOPLIST_FILE = YES;
				INFOPLIST_FILE = DiskGallery/Info.plist;
				LD_RUNPATH_SEARCH_PATHS = (
					"$(inherited)",
					"@executable_path/../Frameworks",
				);
				MARKETING_VERSION = 1.0;
				PRODUCT_BUNDLE_IDENTIFIER = com.dbarkan.DiskGallery;
				SDKROOT = macosx;
			};
			name = Release;
		};
		7F24F4A683EBDFA0B6CFE386 /* Debug */ = {
			isa = XCBuildConfiguration;
			buildSettings = {
				BUNDLE_LOADER = "$(TEST_HOST)";
				COMBINE_HIDPI_IMAGES = YES;
				GENERATE_INFOPLIST_FILE = YES;
				LD_RUNPATH_SEARCH_PATHS = (
					"$(inherited)",
					"@executable_path/Frameworks",
					"@loader_path/Frameworks",
				);
				PRODUCT_BUNDLE_IDENTIFIER = com.dbarkan.DiskGalleryUITests;
				SDKROOT = macosx;
				TEST_TARGET_NAME = DiskGallery;
			};
			name = Debug;
		};
		EB56DE7FCD83B6F33AEE1E9F /* Debug */ = {
			isa = XCBuildConfiguration;
			buildSettings = {
				ALWAYS_SEARCH_USER_PATHS = NO;
				CLANG_ANALYZER_NONNULL = YES;
				CLANG_ANALYZER_NUMBER_OBJECT_CONVERSION = YES_AGGRESSIVE;
				CLANG_CXX_LANGUAGE_STANDARD = "gnu++14";
				CLANG_CXX_LIBRARY = "libc++";
				CLANG_ENABLE_MODULES = YES;
				CLANG_ENABLE_OBJC_ARC = YES;
				CLANG_ENABLE_OBJC_WEAK = YES;
				CLANG_WARN_BLOCK_CAPTURE_AUTORELEASING = YES;
				CLANG_WARN_BOOL_CONVERSION = YES;
				CLANG_WARN_COMMA = YES;
				CLANG_WARN_CONSTANT_CONVERSION = YES;
				CLANG_WARN_DEPRECATED_OBJC_IMPLEMENTATIONS = YES;
				CLANG_WARN_DIRECT_OBJC_ISA_USAGE = YES_ERROR;
				CLANG_WARN_DOCUMENTATION_COMMENTS = YES;
				CLANG_WARN_EMPTY_BODY = YES;
				CLANG_WARN_ENUM_CONVERSION = YES;
				CLANG_WARN_INFINITE_RECURSION = YES;
				CLANG_WARN_INT_CONVERSION = YES;
				CLANG_WARN_NON_LITERAL_NULL_CONVERSION = YES;
				CLANG_WARN_OBJC_IMPLICIT_RETAIN_SELF = YES;
				CLANG_WARN_OBJC_LITERAL_CONVERSION = YES;
				CLANG_WARN_OBJC_ROOT_CLASS = YES_ERROR;
				CLANG_WARN_QUOTED_INCLUDE_IN_FRAMEWORK_HEADER = YES;
				CLANG_WARN_RANGE_LOOP_ANALYSIS = YES;
				CLANG_WARN_STRICT_PROTOTYPES = YES;
				CLANG_WARN_SUSPICIOUS_MOVE = YES;
				CLANG_WARN_UNGUARDED_AVAILABILITY = YES_AGGRESSIVE;
				CLANG_WARN_UNREACHABLE_CODE = YES;
				CLANG_WARN__DUPLICATE_METHOD_MATCH = YES;
				CODE_SIGN_IDENTITY = "-";
				CODE_SIGN_STYLE = Automatic;
				COPY_PHASE_STRIP = NO;
				DEAD_CODE_STRIPPING = YES;
				DEBUG_INFORMATION_FORMAT = dwarf;
				DEVELOPMENT_TEAM = L26TPPMPF3;
				ENABLE_STRICT_OBJC_MSGSEND = YES;
				ENABLE_TESTABILITY = YES;
				ENABLE_USER_SCRIPT_SANDBOXING = YES;
				GCC_C_LANGUAGE_STANDARD = gnu11;
				GCC_DYNAMIC_NO_PIC = NO;
				GCC_NO_COMMON_BLOCKS = YES;
				GCC_OPTIMIZATION_LEVEL = 0;
				GCC_PREPROCESSOR_DEFINITIONS = (
					"$(inherited)",
					"DEBUG=1",
				);
				GCC_WARN_64_TO_32_BIT_CONVERSION = YES;
				GCC_WARN_ABOUT_RETURN_TYPE = YES_ERROR;
				GCC_WARN_UNDECLARED_SELECTOR = YES;
				GCC_WARN_UNINITIALIZED_AUTOS = YES_AGGRESSIVE;
				GCC_WARN_UNUSED_FUNCTION = YES;
				GCC_WARN_UNUSED_VARIABLE = YES;
				MACOSX_DEPLOYMENT_TARGET = 15.0;
				MTL_ENABLE_DEBUG_INFO = INCLUDE_SOURCE;
				MTL_FAST_MATH = YES;
				ONLY_ACTIVE_ARCH = YES;
				PRODUCT_NAME = "$(TARGET_NAME)";
				SDKROOT = macosx;
				SWIFT_ACTIVE_COMPILATION_CONDITIONS = DEBUG;
				SWIFT_OPTIMIZATION_LEVEL = "-Onone";
				SWIFT_VERSION = 6.0;
			};
			name = Debug;
		};
/* End XCBuildConfiguration section */

/* Begin XCConfigurationList section */
		033B31A836AD19AB1E1DA495 /* Build configuration list for PBXNativeTarget "DiskGallery" */ = {
			isa = XCConfigurationList;
			buildConfigurations = (
				32CD79D8EDA0CBACCD9F6271 /* Debug */,
				5F623F419B65F14698E8FF63 /* Release */,
			);
			defaultConfigurationIsVisible = 0;
			defaultConfigurationName = Debug;
		};
		1A89C2D36B83C5EFE38D2318 /* Build configuration list for PBXNativeTarget "DiskGalleryCoreTests" */ = {
			isa = XCConfigurationList;
			buildConfigurations = (
				29B2DB8E7ADA5197A300FA54 /* Debug */,
				45597E97800EE595F8B2AD05 /* Release */,
			);
			defaultConfigurationIsVisible = 0;
			defaultConfigurationName = Debug;
		};
		5FDC11071C8B3FCDF48DF744 /* Build configuration list for PBXProject "DiskGallery" */ = {
			isa = XCConfigurationList;
			buildConfigurations = (
				EB56DE7FCD83B6F33AEE1E9F /* Debug */,
				5B2930E72A6F7D0BC8D0933C /* Release */,
			);
			defaultConfigurationIsVisible = 0;
			defaultConfigurationName = Debug;
		};
		665CE738A31D5143D34D02AC /* Build configuration list for PBXNativeTarget "DiskGalleryCore" */ = {
			isa = XCConfigurationList;
			buildConfigurations = (
				0458CE3D80B4166B8F849178 /* Debug */,
				1468E3ECC39CA92370027412 /* Release */,
			);
			defaultConfigurationIsVisible = 0;
			defaultConfigurationName = Debug;
		};
		776E8886CAC4905E89422F06 /* Build configuration list for PBXNativeTarget "DiskGalleryUITests" */ = {
			isa = XCConfigurationList;
			buildConfigurations = (
				7F24F4A683EBDFA0B6CFE386 /* Debug */,
				1DBDF121B3335199D50D7E6B /* Release */,
			);
			defaultConfigurationIsVisible = 0;
			defaultConfigurationName = Debug;
		};
/* End XCConfigurationList section */

/* Begin XCRemoteSwiftPackageReference section */
		0AF56A203280127E1935CA49 /* XCRemoteSwiftPackageReference "GRDB.swift" */ = {
			isa = XCRemoteSwiftPackageReference;
			repositoryURL = "https://github.com/groue/GRDB.swift";
			requirement = {
				kind = upToNextMajorVersion;
				minimumVersion = 7.0.0;
			};
		};
		A3B9AFED21BEDA2E0080660A /* XCRemoteSwiftPackageReference "Sparkle" */ = {
			isa = XCRemoteSwiftPackageReference;
			repositoryURL = "https://github.com/sparkle-project/Sparkle";
			requirement = {
				kind = upToNextMajorVersion;
				minimumVersion = 2.9.6;
			};
		};
/* End XCRemoteSwiftPackageReference section */

/* Begin XCSwiftPackageProductDependency section */
		436BAC234ACE2038B13AD3DC /* Sparkle */ = {
			isa = XCSwiftPackageProductDependency;
			package = A3B9AFED21BEDA2E0080660A /* XCRemoteSwiftPackageReference "Sparkle" */;
			productName = Sparkle;
		};
		EDAD081A4FE6D77943D6D89D /* GRDB */ = {
			isa = XCSwiftPackageProductDependency;
			package = 0AF56A203280127E1935CA49 /* XCRemoteSwiftPackageReference "GRDB.swift" */;
			productName = GRDB;
		};
/* End XCSwiftPackageProductDependency section */
	};
	rootObject = B2AFA75971C27CAB53B74C15 /* Project object */;
}
